// !$*UTF8*$!
{
	archiveVersion = 1;
	classes = {
	};
	objectVersion = 46;
	objects = {

/* Begin PBXBuildFile section */
		29711A5717F6FDFF00B38CB7 /* SettingsStoryboard_iPad.storyboard in Resources */ = {isa = PBXBuildFile; fileRef = 29711A5317F6FDFF00B38CB7 /* SettingsStoryboard_iPad.storyboard */; };
		29711A5817F6FDFF00B38CB7 /* SettingsStoryboard_iPhone.storyboard in Resources */ = {isa = PBXBuildFile; fileRef = 29711A5417F6FDFF00B38CB7 /* SettingsStoryboard_iPhone.storyboard */; };
		29711A5917F6FDFF00B38CB7 /* TableLayoutStoryboard_iPad.storyboard in Resources */ = {isa = PBXBuildFile; fileRef = 29711A5517F6FDFF00B38CB7 /* TableLayoutStoryboard_iPad.storyboard */; };
		29711A5A17F6FDFF00B38CB7 /* TableLayoutStoryboard_iPhone.storyboard in Resources */ = {isa = PBXBuildFile; fileRef = 29711A5617F6FDFF00B38CB7 /* TableLayoutStoryboard_iPhone.storyboard */; };
		29836F7B179A8786005FA48C /* AVFoundation.framework in Frameworks */ = {isa = PBXBuildFile; fileRef = 29836F7A179A8786005FA48C /* AVFoundation.framework */; };
		29836F7D179A879D005FA48C /* CoreMedia.framework in Frameworks */ = {isa = PBXBuildFile; fileRef = 29836F7C179A879D005FA48C /* CoreMedia.framework */; };
		29836F7F179A87A8005FA48C /* CoreVideo.framework in Frameworks */ = {isa = PBXBuildFile; fileRef = 29836F7E179A87A8005FA48C /* CoreVideo.framework */; };
		29836F81179A87B1005FA48C /* QuartzCore.framework in Frameworks */ = {isa = PBXBuildFile; fileRef = 29836F80179A87B1005FA48C /* QuartzCore.framework */; };
		29836F83179A87C5005FA48C /* libiconv.dylib in Frameworks */ = {isa = PBXBuildFile; fileRef = 29836F82179A87C5005FA48C /* libiconv.dylib */; };
		29836FA2179A883C005FA48C /* libzbar.a in Frameworks */ = {isa = PBXBuildFile; fileRef = 29836F9C179A883C005FA48C /* libzbar.a */; };
		29836FA3179A883C005FA48C /* libzbar.a in Frameworks */ = {isa = PBXBuildFile; fileRef = 29836F9C179A883C005FA48C /* libzbar.a */; };
		29836FA4179A883C005FA48C /* zbar-back.png in Resources */ = {isa = PBXBuildFile; fileRef = 29836F9E179A883C005FA48C /* zbar-back.png */; };
		29836FA5179A883C005FA48C /* zbar-back.png in Resources */ = {isa = PBXBuildFile; fileRef = 29836F9E179A883C005FA48C /* zbar-back.png */; };
		29836FA6179A883C005FA48C /* zbar-help.html in Resources */ = {isa = PBXBuildFile; fileRef = 29836F9F179A883C005FA48C /* zbar-help.html */; };
		29836FA7179A883C005FA48C /* zbar-help.html in Resources */ = {isa = PBXBuildFile; fileRef = 29836F9F179A883C005FA48C /* zbar-help.html */; };
		29836FA8179A883C005FA48C /* zbar-helpicons.png in Resources */ = {isa = PBXBuildFile; fileRef = 29836FA0179A883C005FA48C /* zbar-helpicons.png */; };
		29836FA9179A883C005FA48C /* zbar-helpicons.png in Resources */ = {isa = PBXBuildFile; fileRef = 29836FA0179A883C005FA48C /* zbar-helpicons.png */; };
		29836FAA179A883C005FA48C /* zbar-samples.png in Resources */ = {isa = PBXBuildFile; fileRef = 29836FA1179A883C005FA48C /* zbar-samples.png */; };
		29836FAB179A883C005FA48C /* zbar-samples.png in Resources */ = {isa = PBXBuildFile; fileRef = 29836FA1179A883C005FA48C /* zbar-samples.png */; };
		29836FB8179ABBA0005FA48C /* settingsViewController.m in Sources */ = {isa = PBXBuildFile; fileRef = 29836FB7179ABBA0005FA48C /* settingsViewController.m */; };
		29836FBD179B2539005FA48C /* Settings.bundle in Resources */ = {isa = PBXBuildFile; fileRef = 29836FBC179B2539005FA48C /* Settings.bundle */; };
		29853F9917ACFEBD00129662 /* NSObject+SBJson.m in Sources */ = {isa = PBXBuildFile; fileRef = 29853F6717ACFEBD00129662 /* NSObject+SBJson.m */; };
		29853F9A17ACFEBD00129662 /* SBJsonParser.m in Sources */ = {isa = PBXBuildFile; fileRef = 29853F6A17ACFEBD00129662 /* SBJsonParser.m */; };
		29853F9B17ACFEBD00129662 /* SBJsonStreamParser.m in Sources */ = {isa = PBXBuildFile; fileRef = 29853F6C17ACFEBD00129662 /* SBJsonStreamParser.m */; };
		29853F9C17ACFEBD00129662 /* SBJsonStreamParserAccumulator.m in Sources */ = {isa = PBXBuildFile; fileRef = 29853F6E17ACFEBD00129662 /* SBJsonStreamParserAccumulator.m */; };
		29853F9D17ACFEBD00129662 /* SBJsonStreamParserAdapter.m in Sources */ = {isa = PBXBuildFile; fileRef = 29853F7017ACFEBD00129662 /* SBJsonStreamParserAdapter.m */; };
		29853F9E17ACFEBD00129662 /* SBJsonStreamParserState.m in Sources */ = {isa = PBXBuildFile; fileRef = 29853F7217ACFEBD00129662 /* SBJsonStreamParserState.m */; };
		29853F9F17ACFEBD00129662 /* SBJsonStreamWriter.m in Sources */ = {isa = PBXBuildFile; fileRef = 29853F7417ACFEBD00129662 /* SBJsonStreamWriter.m */; };
		29853FA017ACFEBD00129662 /* SBJsonStreamWriterAccumulator.m in Sources */ = {isa = PBXBuildFile; fileRef = 29853F7617ACFEBD00129662 /* SBJsonStreamWriterAccumulator.m */; };
		29853FA117ACFEBD00129662 /* SBJsonStreamWriterState.m in Sources */ = {isa = PBXBuildFile; fileRef = 29853F7817ACFEBD00129662 /* SBJsonStreamWriterState.m */; };
		29853FA217ACFEBD00129662 /* SBJsonTokeniser.m in Sources */ = {isa = PBXBuildFile; fileRef = 29853F7A17ACFEBD00129662 /* SBJsonTokeniser.m */; };
		29853FA317ACFEBD00129662 /* SBJsonUTF8Stream.m in Sources */ = {isa = PBXBuildFile; fileRef = 29853F7C17ACFEBD00129662 /* SBJsonUTF8Stream.m */; };
		29853FA417ACFEBD00129662 /* SBJsonWriter.m in Sources */ = {isa = PBXBuildFile; fileRef = 29853F7E17ACFEBD00129662 /* SBJsonWriter.m */; };
		29853FA517ACFEBD00129662 /* SSKeychain.m in Sources */ = {isa = PBXBuildFile; fileRef = 29853F8017ACFEBD00129662 /* SSKeychain.m */; };
		29853FA617ACFEBD00129662 /* UGActivity.m in Sources */ = {isa = PBXBuildFile; fileRef = 29853F8217ACFEBD00129662 /* UGActivity.m */; };
		29853FA717ACFEBD00129662 /* UGClient.m in Sources */ = {isa = PBXBuildFile; fileRef = 29853F8417ACFEBD00129662 /* UGClient.m */; };
		29853FA817ACFEBD00129662 /* UGClientResponse.m in Sources */ = {isa = PBXBuildFile; fileRef = 29853F8717ACFEBD00129662 /* UGClientResponse.m */; };
		29853FA917ACFEBD00129662 /* UGHTTPManager.m in Sources */ = {isa = PBXBuildFile; fileRef = 29853F8917ACFEBD00129662 /* UGHTTPManager.m */; };
		29853FAA17ACFEBD00129662 /* UGMultiStepAction.m in Sources */ = {isa = PBXBuildFile; fileRef = 29853F8B17ACFEBD00129662 /* UGMultiStepAction.m */; };
		29853FAB17ACFEBD00129662 /* UGQuery.m in Sources */ = {isa = PBXBuildFile; fileRef = 29853F8D17ACFEBD00129662 /* UGQuery.m */; };
		29853FAC17ACFEBD00129662 /* UGUser.m in Sources */ = {isa = PBXBuildFile; fileRef = 29853F8F17ACFEBD00129662 /* UGUser.m */; };
		29853FAD17ACFEBD00129662 /* UGConnection.m in Sources */ = {isa = PBXBuildFile; fileRef = 29853F9217ACFEBD00129662 /* UGConnection.m */; };
		29853FAE17ACFEBD00129662 /* UGHTTPClient.m in Sources */ = {isa = PBXBuildFile; fileRef = 29853F9417ACFEBD00129662 /* UGHTTPClient.m */; };
		29853FAF17ACFEBD00129662 /* UGHTTPHelpers.m in Sources */ = {isa = PBXBuildFile; fileRef = 29853F9617ACFEBD00129662 /* UGHTTPHelpers.m */; };
		29853FB017ACFEBD00129662 /* UGHTTPResult.m in Sources */ = {isa = PBXBuildFile; fileRef = 29853F9817ACFEBD00129662 /* UGHTTPResult.m */; };
		29853FB217ACFF8700129662 /* Security.framework in Frameworks */ = {isa = PBXBuildFile; fileRef = 29853FB117ACFF8700129662 /* Security.framework */; };
		29853FBA17AD0C6300129662 /* ISColorWheel.m in Sources */ = {isa = PBXBuildFile; fileRef = 29853FB917AD0C6300129662 /* ISColorWheel.m */; };
		2993BEE617F1B00600406F8E /* DataManager.m in Sources */ = {isa = PBXBuildFile; fileRef = 2993BEE517F1B00600406F8E /* DataManager.m */; };
		2993BEED17F1B3A200406F8E /* Appliance.m in Sources */ = {isa = PBXBuildFile; fileRef = 2993BEEC17F1B3A200406F8E /* Appliance.m */; };
		2993BEF117F1B9FB00406F8E /* Light.m in Sources */ = {isa = PBXBuildFile; fileRef = 2993BEF017F1B9FB00406F8E /* Light.m */; };
		2993BEF717F1BA8700406F8E /* Temperature.m in Sources */ = {isa = PBXBuildFile; fileRef = 2993BEF617F1BA8700406F8E /* Temperature.m */; };
		2993BEFE17F1C79B00406F8E /* Room.m in Sources */ = {isa = PBXBuildFile; fileRef = 2993BEFD17F1C79B00406F8E /* Room.m */; };
		2993BF0117F1C7B700406F8E /* Area.m in Sources */ = {isa = PBXBuildFile; fileRef = 2993BF0017F1C7B700406F8E /* Area.m */; };
		2993BF0417F1CED600406F8E /* Louver.m in Sources */ = {isa = PBXBuildFile; fileRef = 2993BF0317F1CED600406F8E /* Louver.m */; };
		2993BF0717F1CEE900406F8E /* Irrigation.m in Sources */ = {isa = PBXBuildFile; fileRef = 2993BF0617F1CEE900406F8E /* Irrigation.m */; };
		2993BF0B17F46BB200406F8E /* TemperatureDetailViewController.m in Sources */ = {isa = PBXBuildFile; fileRef = 2993BF0A17F46BB200406F8E /* TemperatureDetailViewController.m */; };
		2993BF1017F58D6900406F8E /* Bulb_Off_Cell@2x.png in Resources */ = {isa = PBXBuildFile; fileRef = 2993BF0F17F58D6900406F8E /* Bulb_Off_Cell@2x.png */; };
		2993BF5C17F5996A00406F8E /* AreasTableViewController.m in Sources */ = {isa = PBXBuildFile; fileRef = 2993BF5B17F5996A00406F8E /* AreasTableViewController.m */; };
		2993BF6217F59B5C00406F8E /* AppliancesTableViewController.m in Sources */ = {isa = PBXBuildFile; fileRef = 2993BF6117F59B5C00406F8E /* AppliancesTableViewController.m */; };
		2993BF6817F5AB0700406F8E /* FilteredAppliancesTableViewController.m in Sources */ = {isa = PBXBuildFile; fileRef = 2993BF6717F5AB0700406F8E /* FilteredAppliancesTableViewController.m */; };
		2993BF6A17F5BA2400406F8E /* shp_logo-01.png in Resources */ = {isa = PBXBuildFile; fileRef = 2993BF6917F5BA2400406F8E /* shp_logo-01.png */; };
		2993BF6C17F5BA5400406F8E /* Bulb_Cell@2x.png in Resources */ = {isa = PBXBuildFile; fileRef = 2993BF6B17F5BA5400406F8E /* Bulb_Cell@2x.png */; };
		2997BE4417FC66D400A9BE87 /* UserGridDataProvider.m in Sources */ = {isa = PBXBuildFile; fileRef = 2997BE4317FC66D400A9BE87 /* UserGridDataProvider.m */; };
		29C74CA61795DDD80092708D /* UIKit.framework in Frameworks */ = {isa = PBXBuildFile; fileRef = 29C74CA51795DDD80092708D /* UIKit.framework */; };
		29C74CA81795DDD80092708D /* Foundation.framework in Frameworks */ = {isa = PBXBuildFile; fileRef = 29C74CA71795DDD80092708D /* Foundation.framework */; };
		29C74CAA1795DDD80092708D /* CoreGraphics.framework in Frameworks */ = {isa = PBXBuildFile; fileRef = 29C74CA91795DDD80092708D /* CoreGraphics.framework */; };
		29C74CB01795DDD80092708D /* InfoPlist.strings in Resources */ = {isa = PBXBuildFile; fileRef = 29C74CAE1795DDD80092708D /* InfoPlist.strings */; };
		29C74CB21795DDD80092708D /* main.m in Sources */ = {isa = PBXBuildFile; fileRef = 29C74CB11795DDD80092708D /* main.m */; };
		29C74CB61795DDD80092708D /* uhkAppDelegate.m in Sources */ = {isa = PBXBuildFile; fileRef = 29C74CB51795DDD80092708D /* uhkAppDelegate.m */; };
		29C74CB81795DDD80092708D /* Default.png in Resources */ = {isa = PBXBuildFile; fileRef = 29C74CB71795DDD80092708D /* Default.png */; };
		29C74CBA1795DDD80092708D /* Default@2x.png in Resources */ = {isa = PBXBuildFile; fileRef = 29C74CB91795DDD80092708D /* Default@2x.png */; };
		29C74CBC1795DDD80092708D /* Default-568h@2x.png in Resources */ = {isa = PBXBuildFile; fileRef = 29C74CBB1795DDD80092708D /* Default-568h@2x.png */; };
		29C74CCD1795DDD90092708D /* SenTestingKit.framework in Frameworks */ = {isa = PBXBuildFile; fileRef = 29C74CCC1795DDD90092708D /* SenTestingKit.framework */; };
		29C74CCE1795DDD90092708D /* UIKit.framework in Frameworks */ = {isa = PBXBuildFile; fileRef = 29C74CA51795DDD80092708D /* UIKit.framework */; };
		29C74CCF1795DDD90092708D /* Foundation.framework in Frameworks */ = {isa = PBXBuildFile; fileRef = 29C74CA71795DDD80092708D /* Foundation.framework */; };
		29C74CD71795DDD90092708D /* InfoPlist.strings in Resources */ = {isa = PBXBuildFile; fileRef = 29C74CD51795DDD90092708D /* InfoPlist.strings */; };
		29C74CDA1795DDD90092708D /* SmartHomePointTests.m in Sources */ = {isa = PBXBuildFile; fileRef = 29C74CD91795DDD90092708D /* SmartHomePointTests.m */; };
		29F94A1517EF82AE00BFEE9D /* LightDetailViewController.m in Sources */ = {isa = PBXBuildFile; fileRef = 29F94A1417EF82AE00BFEE9D /* LightDetailViewController.m */; };
		29F94A2017EF8A3300BFEE9D /* Localizable.strings in Resources */ = {isa = PBXBuildFile; fileRef = 29F94A2217EF8A3300BFEE9D /* Localizable.strings */; };
/* End PBXBuildFile section */

/* Begin PBXContainerItemProxy section */
		29C74CD01795DDD90092708D /* PBXContainerItemProxy */ = {
			isa = PBXContainerItemProxy;
			containerPortal = 29C74C9A1795DDD80092708D /* Project object */;
			proxyType = 1;
			remoteGlobalIDString = 29C74CA11795DDD80092708D;
			remoteInfo = SmartHomePoint;
		};
/* End PBXContainerItemProxy section */

/* Begin PBXFileReference section */
		29711A5317F6FDFF00B38CB7 /* SettingsStoryboard_iPad.storyboard */ = {isa = PBXFileReference; fileEncoding = 4; lastKnownFileType = file.storyboard; name = SettingsStoryboard_iPad.storyboard; path = Storyboards/SettingsStoryboard_iPad.storyboard; sourceTree = "<group>"; };
		29711A5417F6FDFF00B38CB7 /* SettingsStoryboard_iPhone.storyboard */ = {isa = PBXFileReference; fileEncoding = 4; lastKnownFileType = file.storyboard; name = SettingsStoryboard_iPhone.storyboard; path = Storyboards/SettingsStoryboard_iPhone.storyboard; sourceTree = "<group>"; };
		29711A5517F6FDFF00B38CB7 /* TableLayoutStoryboard_iPad.storyboard */ = {isa = PBXFileReference; fileEncoding = 4; lastKnownFileType = file.storyboard; name = TableLayoutStoryboard_iPad.storyboard; path = Storyboards/TableLayoutStoryboard_iPad.storyboard; sourceTree = "<group>"; };
		29711A5617F6FDFF00B38CB7 /* TableLayoutStoryboard_iPhone.storyboard */ = {isa = PBXFileReference; fileEncoding = 4; lastKnownFileType = file.storyboard; name = TableLayoutStoryboard_iPhone.storyboard; path = Storyboards/TableLayoutStoryboard_iPhone.storyboard; sourceTree = "<group>"; };
		29836F7A179A8786005FA48C /* AVFoundation.framework */ = {isa = PBXFileReference; lastKnownFileType = wrapper.framework; name = AVFoundation.framework; path = System/Library/Frameworks/AVFoundation.framework; sourceTree = SDKROOT; };
		29836F7C179A879D005FA48C /* CoreMedia.framework */ = {isa = PBXFileReference; lastKnownFileType = wrapper.framework; name = CoreMedia.framework; path = System/Library/Frameworks/CoreMedia.framework; sourceTree = SDKROOT; };
		29836F7E179A87A8005FA48C /* CoreVideo.framework */ = {isa = PBXFileReference; lastKnownFileType = wrapper.framework; name = CoreVideo.framework; path = System/Library/Frameworks/CoreVideo.framework; sourceTree = SDKROOT; };
		29836F80179A87B1005FA48C /* QuartzCore.framework */ = {isa = PBXFileReference; lastKnownFileType = wrapper.framework; name = QuartzCore.framework; path = System/Library/Frameworks/QuartzCore.framework; sourceTree = SDKROOT; };
		29836F82179A87C5005FA48C /* libiconv.dylib */ = {isa = PBXFileReference; lastKnownFileType = "compiled.mach-o.dylib"; name = libiconv.dylib; path = usr/lib/libiconv.dylib; sourceTree = SDKROOT; };
		29836F88179A883C005FA48C /* Decoder.h */ = {isa = PBXFileReference; fileEncoding = 4; lastKnownFileType = sourcecode.c.h; path = Decoder.h; sourceTree = "<group>"; };
		29836F89179A883C005FA48C /* Exception.h */ = {isa = PBXFileReference; fileEncoding = 4; lastKnownFileType = sourcecode.c.h; path = Exception.h; sourceTree = "<group>"; };
		29836F8A179A883C005FA48C /* Image.h */ = {isa = PBXFileReference; fileEncoding = 4; lastKnownFileType = sourcecode.c.h; path = Image.h; sourceTree = "<group>"; };
		29836F8B179A883C005FA48C /* ImageScanner.h */ = {isa = PBXFileReference; fileEncoding = 4; lastKnownFileType = sourcecode.c.h; path = ImageScanner.h; sourceTree = "<group>"; };
		29836F8C179A883C005FA48C /* Processor.h */ = {isa = PBXFileReference; fileEncoding = 4; lastKnownFileType = sourcecode.c.h; path = Processor.h; sourceTree = "<group>"; };
		29836F8D179A883C005FA48C /* Scanner.h */ = {isa = PBXFileReference; fileEncoding = 4; lastKnownFileType = sourcecode.c.h; path = Scanner.h; sourceTree = "<group>"; };
		29836F8E179A883C005FA48C /* Symbol.h */ = {isa = PBXFileReference; fileEncoding = 4; lastKnownFileType = sourcecode.c.h; path = Symbol.h; sourceTree = "<group>"; };
		29836F8F179A883C005FA48C /* Video.h */ = {isa = PBXFileReference; fileEncoding = 4; lastKnownFileType = sourcecode.c.h; path = Video.h; sourceTree = "<group>"; };
		29836F90179A883C005FA48C /* Window.h */ = {isa = PBXFileReference; fileEncoding = 4; lastKnownFileType = sourcecode.c.h; path = Window.h; sourceTree = "<group>"; };
		29836F91179A883C005FA48C /* zbar.h */ = {isa = PBXFileReference; fileEncoding = 4; lastKnownFileType = sourcecode.c.h; path = zbar.h; sourceTree = "<group>"; };
		29836F92179A883C005FA48C /* ZBarCameraSimulator.h */ = {isa = PBXFileReference; fileEncoding = 4; lastKnownFileType = sourcecode.c.h; path = ZBarCameraSimulator.h; sourceTree = "<group>"; };
		29836F93179A883C005FA48C /* ZBarCaptureReader.h */ = {isa = PBXFileReference; fileEncoding = 4; lastKnownFileType = sourcecode.c.h; path = ZBarCaptureReader.h; sourceTree = "<group>"; };
		29836F94179A883C005FA48C /* ZBarHelpController.h */ = {isa = PBXFileReference; fileEncoding = 4; lastKnownFileType = sourcecode.c.h; path = ZBarHelpController.h; sourceTree = "<group>"; };
		29836F95179A883C005FA48C /* ZBarImage.h */ = {isa = PBXFileReference; fileEncoding = 4; lastKnownFileType = sourcecode.c.h; path = ZBarImage.h; sourceTree = "<group>"; };
		29836F96179A883C005FA48C /* ZBarImageScanner.h */ = {isa = PBXFileReference; fileEncoding = 4; lastKnownFileType = sourcecode.c.h; path = ZBarImageScanner.h; sourceTree = "<group>"; };
		29836F97179A883C005FA48C /* ZBarReaderController.h */ = {isa = PBXFileReference; fileEncoding = 4; lastKnownFileType = sourcecode.c.h; path = ZBarReaderController.h; sourceTree = "<group>"; };
		29836F98179A883C005FA48C /* ZBarReaderView.h */ = {isa = PBXFileReference; fileEncoding = 4; lastKnownFileType = sourcecode.c.h; path = ZBarReaderView.h; sourceTree = "<group>"; };
		29836F99179A883C005FA48C /* ZBarReaderViewController.h */ = {isa = PBXFileReference; fileEncoding = 4; lastKnownFileType = sourcecode.c.h; path = ZBarReaderViewController.h; sourceTree = "<group>"; };
		29836F9A179A883C005FA48C /* ZBarSDK.h */ = {isa = PBXFileReference; fileEncoding = 4; lastKnownFileType = sourcecode.c.h; path = ZBarSDK.h; sourceTree = "<group>"; };
		29836F9B179A883C005FA48C /* ZBarSymbol.h */ = {isa = PBXFileReference; fileEncoding = 4; lastKnownFileType = sourcecode.c.h; path = ZBarSymbol.h; sourceTree = "<group>"; };
		29836F9C179A883C005FA48C /* libzbar.a */ = {isa = PBXFileReference; lastKnownFileType = archive.ar; path = libzbar.a; sourceTree = "<group>"; };
		29836F9E179A883C005FA48C /* zbar-back.png */ = {isa = PBXFileReference; lastKnownFileType = image.png; path = "zbar-back.png"; sourceTree = "<group>"; };
		29836F9F179A883C005FA48C /* zbar-help.html */ = {isa = PBXFileReference; fileEncoding = 4; lastKnownFileType = text.html; path = "zbar-help.html"; sourceTree = "<group>"; };
		29836FA0179A883C005FA48C /* zbar-helpicons.png */ = {isa = PBXFileReference; lastKnownFileType = image.png; path = "zbar-helpicons.png"; sourceTree = "<group>"; };
		29836FA1179A883C005FA48C /* zbar-samples.png */ = {isa = PBXFileReference; lastKnownFileType = image.png; path = "zbar-samples.png"; sourceTree = "<group>"; };
		29836FB6179ABBA0005FA48C /* settingsViewController.h */ = {isa = PBXFileReference; fileEncoding = 4; lastKnownFileType = sourcecode.c.h; name = settingsViewController.h; path = Controllers/Settings/settingsViewController.h; sourceTree = "<group>"; };
		29836FB7179ABBA0005FA48C /* settingsViewController.m */ = {isa = PBXFileReference; fileEncoding = 4; lastKnownFileType = sourcecode.c.objc; name = settingsViewController.m; path = Controllers/Settings/settingsViewController.m; sourceTree = "<group>"; };
		29836FBC179B2539005FA48C /* Settings.bundle */ = {isa = PBXFileReference; lastKnownFileType = "wrapper.plug-in"; path = Settings.bundle; sourceTree = "<group>"; };
		29853F6617ACFEBD00129662 /* NSObject+SBJson.h */ = {isa = PBXFileReference; fileEncoding = 4; lastKnownFileType = sourcecode.c.h; path = "NSObject+SBJson.h"; sourceTree = "<group>"; };
		29853F6717ACFEBD00129662 /* NSObject+SBJson.m */ = {isa = PBXFileReference; fileEncoding = 4; lastKnownFileType = sourcecode.c.objc; path = "NSObject+SBJson.m"; sourceTree = "<group>"; };
		29853F6817ACFEBD00129662 /* SBJson.h */ = {isa = PBXFileReference; fileEncoding = 4; lastKnownFileType = sourcecode.c.h; path = SBJson.h; sourceTree = "<group>"; };
		29853F6917ACFEBD00129662 /* SBJsonParser.h */ = {isa = PBXFileReference; fileEncoding = 4; lastKnownFileType = sourcecode.c.h; path = SBJsonParser.h; sourceTree = "<group>"; };
		29853F6A17ACFEBD00129662 /* SBJsonParser.m */ = {isa = PBXFileReference; fileEncoding = 4; lastKnownFileType = sourcecode.c.objc; path = SBJsonParser.m; sourceTree = "<group>"; };
		29853F6B17ACFEBD00129662 /* SBJsonStreamParser.h */ = {isa = PBXFileReference; fileEncoding = 4; lastKnownFileType = sourcecode.c.h; path = SBJsonStreamParser.h; sourceTree = "<group>"; };
		29853F6C17ACFEBD00129662 /* SBJsonStreamParser.m */ = {isa = PBXFileReference; fileEncoding = 4; lastKnownFileType = sourcecode.c.objc; path = SBJsonStreamParser.m; sourceTree = "<group>"; };
		29853F6D17ACFEBD00129662 /* SBJsonStreamParserAccumulator.h */ = {isa = PBXFileReference; fileEncoding = 4; lastKnownFileType = sourcecode.c.h; path = SBJsonStreamParserAccumulator.h; sourceTree = "<group>"; };
		29853F6E17ACFEBD00129662 /* SBJsonStreamParserAccumulator.m */ = {isa = PBXFileReference; fileEncoding = 4; lastKnownFileType = sourcecode.c.objc; path = SBJsonStreamParserAccumulator.m; sourceTree = "<group>"; };
		29853F6F17ACFEBD00129662 /* SBJsonStreamParserAdapter.h */ = {isa = PBXFileReference; fileEncoding = 4; lastKnownFileType = sourcecode.c.h; path = SBJsonStreamParserAdapter.h; sourceTree = "<group>"; };
		29853F7017ACFEBD00129662 /* SBJsonStreamParserAdapter.m */ = {isa = PBXFileReference; fileEncoding = 4; lastKnownFileType = sourcecode.c.objc; path = SBJsonStreamParserAdapter.m; sourceTree = "<group>"; };
		29853F7117ACFEBD00129662 /* SBJsonStreamParserState.h */ = {isa = PBXFileReference; fileEncoding = 4; lastKnownFileType = sourcecode.c.h; path = SBJsonStreamParserState.h; sourceTree = "<group>"; };
		29853F7217ACFEBD00129662 /* SBJsonStreamParserState.m */ = {isa = PBXFileReference; fileEncoding = 4; lastKnownFileType = sourcecode.c.objc; path = SBJsonStreamParserState.m; sourceTree = "<group>"; };
		29853F7317ACFEBD00129662 /* SBJsonStreamWriter.h */ = {isa = PBXFileReference; fileEncoding = 4; lastKnownFileType = sourcecode.c.h; path = SBJsonStreamWriter.h; sourceTree = "<group>"; };
		29853F7417ACFEBD00129662 /* SBJsonStreamWriter.m */ = {isa = PBXFileReference; fileEncoding = 4; lastKnownFileType = sourcecode.c.objc; path = SBJsonStreamWriter.m; sourceTree = "<group>"; };
		29853F7517ACFEBD00129662 /* SBJsonStreamWriterAccumulator.h */ = {isa = PBXFileReference; fileEncoding = 4; lastKnownFileType = sourcecode.c.h; path = SBJsonStreamWriterAccumulator.h; sourceTree = "<group>"; };
		29853F7617ACFEBD00129662 /* SBJsonStreamWriterAccumulator.m */ = {isa = PBXFileReference; fileEncoding = 4; lastKnownFileType = sourcecode.c.objc; path = SBJsonStreamWriterAccumulator.m; sourceTree = "<group>"; };
		29853F7717ACFEBD00129662 /* SBJsonStreamWriterState.h */ = {isa = PBXFileReference; fileEncoding = 4; lastKnownFileType = sourcecode.c.h; path = SBJsonStreamWriterState.h; sourceTree = "<group>"; };
		29853F7817ACFEBD00129662 /* SBJsonStreamWriterState.m */ = {isa = PBXFileReference; fileEncoding = 4; lastKnownFileType = sourcecode.c.objc; path = SBJsonStreamWriterState.m; sourceTree = "<group>"; };
		29853F7917ACFEBD00129662 /* SBJsonTokeniser.h */ = {isa = PBXFileReference; fileEncoding = 4; lastKnownFileType = sourcecode.c.h; path = SBJsonTokeniser.h; sourceTree = "<group>"; };
		29853F7A17ACFEBD00129662 /* SBJsonTokeniser.m */ = {isa = PBXFileReference; fileEncoding = 4; lastKnownFileType = sourcecode.c.objc; path = SBJsonTokeniser.m; sourceTree = "<group>"; };
		29853F7B17ACFEBD00129662 /* SBJsonUTF8Stream.h */ = {isa = PBXFileReference; fileEncoding = 4; lastKnownFileType = sourcecode.c.h; path = SBJsonUTF8Stream.h; sourceTree = "<group>"; };
		29853F7C17ACFEBD00129662 /* SBJsonUTF8Stream.m */ = {isa = PBXFileReference; fileEncoding = 4; lastKnownFileType = sourcecode.c.objc; path = SBJsonUTF8Stream.m; sourceTree = "<group>"; };
		29853F7D17ACFEBD00129662 /* SBJsonWriter.h */ = {isa = PBXFileReference; fileEncoding = 4; lastKnownFileType = sourcecode.c.h; path = SBJsonWriter.h; sourceTree = "<group>"; };
		29853F7E17ACFEBD00129662 /* SBJsonWriter.m */ = {isa = PBXFileReference; fileEncoding = 4; lastKnownFileType = sourcecode.c.objc; path = SBJsonWriter.m; sourceTree = "<group>"; };
		29853F7F17ACFEBD00129662 /* SSKeychain.h */ = {isa = PBXFileReference; fileEncoding = 4; lastKnownFileType = sourcecode.c.h; path = SSKeychain.h; sourceTree = "<group>"; };
		29853F8017ACFEBD00129662 /* SSKeychain.m */ = {isa = PBXFileReference; fileEncoding = 4; lastKnownFileType = sourcecode.c.objc; path = SSKeychain.m; sourceTree = "<group>"; };
		29853F8117ACFEBD00129662 /* UGActivity.h */ = {isa = PBXFileReference; fileEncoding = 4; lastKnownFileType = sourcecode.c.h; path = UGActivity.h; sourceTree = "<group>"; };
		29853F8217ACFEBD00129662 /* UGActivity.m */ = {isa = PBXFileReference; fileEncoding = 4; lastKnownFileType = sourcecode.c.objc; path = UGActivity.m; sourceTree = "<group>"; };
		29853F8317ACFEBD00129662 /* UGClient.h */ = {isa = PBXFileReference; fileEncoding = 4; lastKnownFileType = sourcecode.c.h; path = UGClient.h; sourceTree = "<group>"; };
		29853F8417ACFEBD00129662 /* UGClient.m */ = {isa = PBXFileReference; fileEncoding = 4; lastKnownFileType = sourcecode.c.objc; path = UGClient.m; sourceTree = "<group>"; };
		29853F8517ACFEBD00129662 /* UGClientDelegate.h */ = {isa = PBXFileReference; fileEncoding = 4; lastKnownFileType = sourcecode.c.h; path = UGClientDelegate.h; sourceTree = "<group>"; };
		29853F8617ACFEBD00129662 /* UGClientResponse.h */ = {isa = PBXFileReference; fileEncoding = 4; lastKnownFileType = sourcecode.c.h; path = UGClientResponse.h; sourceTree = "<group>"; };
		29853F8717ACFEBD00129662 /* UGClientResponse.m */ = {isa = PBXFileReference; fileEncoding = 4; lastKnownFileType = sourcecode.c.objc; path = UGClientResponse.m; sourceTree = "<group>"; };
		29853F8817ACFEBD00129662 /* UGHTTPManager.h */ = {isa = PBXFileReference; fileEncoding = 4; lastKnownFileType = sourcecode.c.h; path = UGHTTPManager.h; sourceTree = "<group>"; };
		29853F8917ACFEBD00129662 /* UGHTTPManager.m */ = {isa = PBXFileReference; fileEncoding = 4; lastKnownFileType = sourcecode.c.objc; path = UGHTTPManager.m; sourceTree = "<group>"; };
		29853F8A17ACFEBD00129662 /* UGMultiStepAction.h */ = {isa = PBXFileReference; fileEncoding = 4; lastKnownFileType = sourcecode.c.h; path = UGMultiStepAction.h; sourceTree = "<group>"; };
		29853F8B17ACFEBD00129662 /* UGMultiStepAction.m */ = {isa = PBXFileReference; fileEncoding = 4; lastKnownFileType = sourcecode.c.objc; path = UGMultiStepAction.m; sourceTree = "<group>"; };
		29853F8C17ACFEBD00129662 /* UGQuery.h */ = {isa = PBXFileReference; fileEncoding = 4; lastKnownFileType = sourcecode.c.h; path = UGQuery.h; sourceTree = "<group>"; };
		29853F8D17ACFEBD00129662 /* UGQuery.m */ = {isa = PBXFileReference; fileEncoding = 4; lastKnownFileType = sourcecode.c.objc; path = UGQuery.m; sourceTree = "<group>"; };
		29853F8E17ACFEBD00129662 /* UGUser.h */ = {isa = PBXFileReference; fileEncoding = 4; lastKnownFileType = sourcecode.c.h; path = UGUser.h; sourceTree = "<group>"; };
		29853F8F17ACFEBD00129662 /* UGUser.m */ = {isa = PBXFileReference; fileEncoding = 4; lastKnownFileType = sourcecode.c.objc; path = UGUser.m; sourceTree = "<group>"; };
		29853F9117ACFEBD00129662 /* UGConnection.h */ = {isa = PBXFileReference; fileEncoding = 4; lastKnownFileType = sourcecode.c.h; path = UGConnection.h; sourceTree = "<group>"; };
		29853F9217ACFEBD00129662 /* UGConnection.m */ = {isa = PBXFileReference; fileEncoding = 4; lastKnownFileType = sourcecode.c.objc; path = UGConnection.m; sourceTree = "<group>"; };
		29853F9317ACFEBD00129662 /* UGHTTPClient.h */ = {isa = PBXFileReference; fileEncoding = 4; lastKnownFileType = sourcecode.c.h; path = UGHTTPClient.h; sourceTree = "<group>"; };
		29853F9417ACFEBD00129662 /* UGHTTPClient.m */ = {isa = PBXFileReference; fileEncoding = 4; lastKnownFileType = sourcecode.c.objc; path = UGHTTPClient.m; sourceTree = "<group>"; };
		29853F9517ACFEBD00129662 /* UGHTTPHelpers.h */ = {isa = PBXFileReference; fileEncoding = 4; lastKnownFileType = sourcecode.c.h; path = UGHTTPHelpers.h; sourceTree = "<group>"; };
		29853F9617ACFEBD00129662 /* UGHTTPHelpers.m */ = {isa = PBXFileReference; fileEncoding = 4; lastKnownFileType = sourcecode.c.objc; path = UGHTTPHelpers.m; sourceTree = "<group>"; };
		29853F9717ACFEBD00129662 /* UGHTTPResult.h */ = {isa = PBXFileReference; fileEncoding = 4; lastKnownFileType = sourcecode.c.h; path = UGHTTPResult.h; sourceTree = "<group>"; };
		29853F9817ACFEBD00129662 /* UGHTTPResult.m */ = {isa = PBXFileReference; fileEncoding = 4; lastKnownFileType = sourcecode.c.objc; path = UGHTTPResult.m; sourceTree = "<group>"; };
		29853FB117ACFF8700129662 /* Security.framework */ = {isa = PBXFileReference; lastKnownFileType = wrapper.framework; name = Security.framework; path = System/Library/Frameworks/Security.framework; sourceTree = SDKROOT; };
		29853FB817AD0C6300129662 /* ISColorWheel.h */ = {isa = PBXFileReference; fileEncoding = 4; lastKnownFileType = sourcecode.c.h; path = ISColorWheel.h; sourceTree = "<group>"; };
		29853FB917AD0C6300129662 /* ISColorWheel.m */ = {isa = PBXFileReference; fileEncoding = 4; lastKnownFileType = sourcecode.c.objc; path = ISColorWheel.m; sourceTree = "<group>"; };
		2993BEE417F1B00600406F8E /* DataManager.h */ = {isa = PBXFileReference; fileEncoding = 4; lastKnownFileType = sourcecode.c.h; name = DataManager.h; path = DataModel/DataManager.h; sourceTree = "<group>"; };
		2993BEE517F1B00600406F8E /* DataManager.m */ = {isa = PBXFileReference; fileEncoding = 4; lastKnownFileType = sourcecode.c.objc; name = DataManager.m; path = DataModel/DataManager.m; sourceTree = "<group>"; };
		2993BEEB17F1B3A200406F8E /* Appliance.h */ = {isa = PBXFileReference; fileEncoding = 4; lastKnownFileType = sourcecode.c.h; name = Appliance.h; path = DataModel/Appliance.h; sourceTree = "<group>"; };
		2993BEEC17F1B3A200406F8E /* Appliance.m */ = {isa = PBXFileReference; fileEncoding = 4; lastKnownFileType = sourcecode.c.objc; name = Appliance.m; path = DataModel/Appliance.m; sourceTree = "<group>"; };
		2993BEEF17F1B9FB00406F8E /* Light.h */ = {isa = PBXFileReference; fileEncoding = 4; lastKnownFileType = sourcecode.c.h; name = Light.h; path = DataModel/Appliances/Light.h; sourceTree = "<group>"; };
		2993BEF017F1B9FB00406F8E /* Light.m */ = {isa = PBXFileReference; fileEncoding = 4; lastKnownFileType = sourcecode.c.objc; name = Light.m; path = DataModel/Appliances/Light.m; sourceTree = "<group>"; };
		2993BEF517F1BA8700406F8E /* Temperature.h */ = {isa = PBXFileReference; fileEncoding = 4; lastKnownFileType = sourcecode.c.h; name = Temperature.h; path = DataModel/Appliances/Temperature.h; sourceTree = "<group>"; };
		2993BEF617F1BA8700406F8E /* Temperature.m */ = {isa = PBXFileReference; fileEncoding = 4; lastKnownFileType = sourcecode.c.objc; name = Temperature.m; path = DataModel/Appliances/Temperature.m; sourceTree = "<group>"; };
		2993BEFB17F1BCE900406F8E /* AppliancesInclude.h */ = {isa = PBXFileReference; lastKnownFileType = sourcecode.c.h; name = AppliancesInclude.h; path = DataModel/Appliances/AppliancesInclude.h; sourceTree = "<group>"; };
		2993BEFC17F1C79B00406F8E /* Room.h */ = {isa = PBXFileReference; fileEncoding = 4; lastKnownFileType = sourcecode.c.h; name = Room.h; path = DataModel/Room.h; sourceTree = "<group>"; };
		2993BEFD17F1C79B00406F8E /* Room.m */ = {isa = PBXFileReference; fileEncoding = 4; lastKnownFileType = sourcecode.c.objc; name = Room.m; path = DataModel/Room.m; sourceTree = "<group>"; };
		2993BEFF17F1C7B700406F8E /* Area.h */ = {isa = PBXFileReference; fileEncoding = 4; lastKnownFileType = sourcecode.c.h; name = Area.h; path = DataModel/Area.h; sourceTree = "<group>"; };
		2993BF0017F1C7B700406F8E /* Area.m */ = {isa = PBXFileReference; fileEncoding = 4; lastKnownFileType = sourcecode.c.objc; name = Area.m; path = DataModel/Area.m; sourceTree = "<group>"; };
		2993BF0217F1CED600406F8E /* Louver.h */ = {isa = PBXFileReference; fileEncoding = 4; lastKnownFileType = sourcecode.c.h; name = Louver.h; path = DataModel/Appliances/Louver.h; sourceTree = "<group>"; };
		2993BF0317F1CED600406F8E /* Louver.m */ = {isa = PBXFileReference; fileEncoding = 4; lastKnownFileType = sourcecode.c.objc; name = Louver.m; path = DataModel/Appliances/Louver.m; sourceTree = "<group>"; };
		2993BF0517F1CEE900406F8E /* Irrigation.h */ = {isa = PBXFileReference; fileEncoding = 4; lastKnownFileType = sourcecode.c.h; name = Irrigation.h; path = DataModel/Appliances/Irrigation.h; sourceTree = "<group>"; };
		2993BF0617F1CEE900406F8E /* Irrigation.m */ = {isa = PBXFileReference; fileEncoding = 4; lastKnownFileType = sourcecode.c.objc; name = Irrigation.m; path = DataModel/Appliances/Irrigation.m; sourceTree = "<group>"; };
		2993BF0817F45AF500406F8E /* ApplianceDetailProtocol.h */ = {isa = PBXFileReference; lastKnownFileType = sourcecode.c.h; name = ApplianceDetailProtocol.h; path = DataModel/ApplianceDetailProtocol.h; sourceTree = "<group>"; };
		2993BF0917F46BB200406F8E /* TemperatureDetailViewController.h */ = {isa = PBXFileReference; fileEncoding = 4; lastKnownFileType = sourcecode.c.h; name = TemperatureDetailViewController.h; path = Controllers/Shared/TemperatureDetailViewController.h; sourceTree = "<group>"; };
		2993BF0A17F46BB200406F8E /* TemperatureDetailViewController.m */ = {isa = PBXFileReference; fileEncoding = 4; lastKnownFileType = sourcecode.c.objc; name = TemperatureDetailViewController.m; path = Controllers/Shared/TemperatureDetailViewController.m; sourceTree = "<group>"; };
		2993BF0F17F58D6900406F8E /* Bulb_Off_Cell@2x.png */ = {isa = PBXFileReference; lastKnownFileType = image.png; name = "Bulb_Off_Cell@2x.png"; path = "Resources/Bulb_Off_Cell@2x.png"; sourceTree = "<group>"; };
		2993BF5A17F5996A00406F8E /* AreasTableViewController.h */ = {isa = PBXFileReference; fileEncoding = 4; lastKnownFileType = sourcecode.c.h; name = AreasTableViewController.h; path = Controllers/TableLayout/iPhone/AreasTableViewController.h; sourceTree = "<group>"; };
		2993BF5B17F5996A00406F8E /* AreasTableViewController.m */ = {isa = PBXFileReference; fileEncoding = 4; lastKnownFileType = sourcecode.c.objc; name = AreasTableViewController.m; path = Controllers/TableLayout/iPhone/AreasTableViewController.m; sourceTree = "<group>"; };
		2993BF6017F59B5C00406F8E /* AppliancesTableViewController.h */ = {isa = PBXFileReference; fileEncoding = 4; lastKnownFileType = sourcecode.c.h; name = AppliancesTableViewController.h; path = Controllers/TableLayout/iPhone/AppliancesTableViewController.h; sourceTree = "<group>"; };
		2993BF6117F59B5C00406F8E /* AppliancesTableViewController.m */ = {isa = PBXFileReference; fileEncoding = 4; lastKnownFileType = sourcecode.c.objc; name = AppliancesTableViewController.m; path = Controllers/TableLayout/iPhone/AppliancesTableViewController.m; sourceTree = "<group>"; };
		2993BF6617F5AB0700406F8E /* FilteredAppliancesTableViewController.h */ = {isa = PBXFileReference; fileEncoding = 4; lastKnownFileType = sourcecode.c.h; name = FilteredAppliancesTableViewController.h; path = Controllers/TableLayout/iPhone/FilteredAppliancesTableViewController.h; sourceTree = "<group>"; };
		2993BF6717F5AB0700406F8E /* FilteredAppliancesTableViewController.m */ = {isa = PBXFileReference; fileEncoding = 4; lastKnownFileType = sourcecode.c.objc; name = FilteredAppliancesTableViewController.m; path = Controllers/TableLayout/iPhone/FilteredAppliancesTableViewController.m; sourceTree = "<group>"; };
		2993BF6917F5BA2400406F8E /* shp_logo-01.png */ = {isa = PBXFileReference; lastKnownFileType = image.png; name = "shp_logo-01.png"; path = "../../../graphics/shp_logo-01.png"; sourceTree = "<group>"; };
		2993BF6B17F5BA5400406F8E /* Bulb_Cell@2x.png */ = {isa = PBXFileReference; lastKnownFileType = image.png; name = "Bulb_Cell@2x.png"; path = "Resources/Bulb_Cell@2x.png"; sourceTree = "<group>"; };
		29978E3617F0627F00C2511C /* en */ = {isa = PBXFileReference; lastKnownFileType = text.plist.xml; name = en; path = "en.lproj/SmartHomePoint-Info.plist"; sourceTree = "<group>"; };
		29978E3817F0628600C2511C /* cs */ = {isa = PBXFileReference; lastKnownFileType = text.plist.xml; name = cs; path = "cs.lproj/SmartHomePoint-Info.plist"; sourceTree = "<group>"; };
		2997BE4117FC668700A9BE87 /* DataProviderProtocol.h */ = {isa = PBXFileReference; lastKnownFileType = sourcecode.c.h; name = DataProviderProtocol.h; path = DataModel/DataProviderProtocol.h; sourceTree = "<group>"; };
		2997BE4217FC66D400A9BE87 /* UserGridDataProvider.h */ = {isa = PBXFileReference; fileEncoding = 4; lastKnownFileType = sourcecode.c.h; name = UserGridDataProvider.h; path = DataModel/UserGridDataProvider.h; sourceTree = "<group>"; };
		2997BE4317FC66D400A9BE87 /* UserGridDataProvider.m */ = {isa = PBXFileReference; fileEncoding = 4; lastKnownFileType = sourcecode.c.objc; name = UserGridDataProvider.m; path = DataModel/UserGridDataProvider.m; sourceTree = "<group>"; };
		29C74CA21795DDD80092708D /* SmartHomePoint.app */ = {isa = PBXFileReference; explicitFileType = wrapper.application; includeInIndex = 0; path = SmartHomePoint.app; sourceTree = BUILT_PRODUCTS_DIR; };
		29C74CA51795DDD80092708D /* UIKit.framework */ = {isa = PBXFileReference; lastKnownFileType = wrapper.framework; name = UIKit.framework; path = System/Library/Frameworks/UIKit.framework; sourceTree = SDKROOT; };
		29C74CA71795DDD80092708D /* Foundation.framework */ = {isa = PBXFileReference; lastKnownFileType = wrapper.framework; name = Foundation.framework; path = System/Library/Frameworks/Foundation.framework; sourceTree = SDKROOT; };
		29C74CA91795DDD80092708D /* CoreGraphics.framework */ = {isa = PBXFileReference; lastKnownFileType = wrapper.framework; name = CoreGraphics.framework; path = System/Library/Frameworks/CoreGraphics.framework; sourceTree = SDKROOT; };
		29C74CAF1795DDD80092708D /* en */ = {isa = PBXFileReference; lastKnownFileType = text.plist.strings; name = en; path = en.lproj/InfoPlist.strings; sourceTree = "<group>"; };
		29C74CB11795DDD80092708D /* main.m */ = {isa = PBXFileReference; lastKnownFileType = sourcecode.c.objc; path = main.m; sourceTree = "<group>"; };
		29C74CB31795DDD80092708D /* SmartHomePoint-Prefix.pch */ = {isa = PBXFileReference; lastKnownFileType = sourcecode.c.h; path = "SmartHomePoint-Prefix.pch"; sourceTree = "<group>"; };
		29C74CB41795DDD80092708D /* uhkAppDelegate.h */ = {isa = PBXFileReference; lastKnownFileType = sourcecode.c.h; path = uhkAppDelegate.h; sourceTree = "<group>"; };
		29C74CB51795DDD80092708D /* uhkAppDelegate.m */ = {isa = PBXFileReference; lastKnownFileType = sourcecode.c.objc; path = uhkAppDelegate.m; sourceTree = "<group>"; };
		29C74CB71795DDD80092708D /* Default.png */ = {isa = PBXFileReference; lastKnownFileType = image.png; path = Default.png; sourceTree = "<group>"; };
		29C74CB91795DDD80092708D /* Default@2x.png */ = {isa = PBXFileReference; lastKnownFileType = image.png; path = "Default@2x.png"; sourceTree = "<group>"; };
		29C74CBB1795DDD80092708D /* Default-568h@2x.png */ = {isa = PBXFileReference; lastKnownFileType = image.png; path = "Default-568h@2x.png"; sourceTree = "<group>"; };
		29C74CCB1795DDD90092708D /* SmartHomePointTests.octest */ = {isa = PBXFileReference; explicitFileType = wrapper.cfbundle; includeInIndex = 0; path = SmartHomePointTests.octest; sourceTree = BUILT_PRODUCTS_DIR; };
		29C74CCC1795DDD90092708D /* SenTestingKit.framework */ = {isa = PBXFileReference; lastKnownFileType = wrapper.framework; name = SenTestingKit.framework; path = Library/Frameworks/SenTestingKit.framework; sourceTree = DEVELOPER_DIR; };
		29C74CD41795DDD90092708D /* SmartHomePointTests-Info.plist */ = {isa = PBXFileReference; lastKnownFileType = text.plist.xml; path = "SmartHomePointTests-Info.plist"; sourceTree = "<group>"; };
		29C74CD61795DDD90092708D /* en */ = {isa = PBXFileReference; lastKnownFileType = text.plist.strings; name = en; path = en.lproj/InfoPlist.strings; sourceTree = "<group>"; };
		29C74CD81795DDD90092708D /* SmartHomePointTests.h */ = {isa = PBXFileReference; lastKnownFileType = sourcecode.c.h; path = SmartHomePointTests.h; sourceTree = "<group>"; };
		29C74CD91795DDD90092708D /* SmartHomePointTests.m */ = {isa = PBXFileReference; lastKnownFileType = sourcecode.c.objc; path = SmartHomePointTests.m; sourceTree = "<group>"; };
		29F94A1317EF82AE00BFEE9D /* LightDetailViewController.h */ = {isa = PBXFileReference; fileEncoding = 4; lastKnownFileType = sourcecode.c.h; name = LightDetailViewController.h; path = Controllers/Shared/LightDetailViewController.h; sourceTree = "<group>"; };
		29F94A1417EF82AE00BFEE9D /* LightDetailViewController.m */ = {isa = PBXFileReference; fileEncoding = 4; lastKnownFileType = sourcecode.c.objc; name = LightDetailViewController.m; path = Controllers/Shared/LightDetailViewController.m; sourceTree = "<group>"; };
		29F94A1A17EF894300BFEE9D /* cs */ = {isa = PBXFileReference; lastKnownFileType = text.plist.strings; name = cs; path = cs.lproj/InfoPlist.strings; sourceTree = "<group>"; };
		29F94A1B17EF894300BFEE9D /* cs */ = {isa = PBXFileReference; lastKnownFileType = text.plist.strings; name = cs; path = cs.lproj/InfoPlist.strings; sourceTree = "<group>"; };
		29F94A2117EF8A3300BFEE9D /* en */ = {isa = PBXFileReference; lastKnownFileType = text.plist.strings; name = en; path = en.lproj/Localizable.strings; sourceTree = "<group>"; };
		29F94A2317EF8A3800BFEE9D /* cs */ = {isa = PBXFileReference; lastKnownFileType = text.plist.strings; name = cs; path = cs.lproj/Localizable.strings; sourceTree = "<group>"; };
/* End PBXFileReference section */

/* Begin PBXFrameworksBuildPhase section */
		29C74C9F1795DDD80092708D /* Frameworks */ = {
			isa = PBXFrameworksBuildPhase;
			buildActionMask = 2147483647;
			files = (
				29853FB217ACFF8700129662 /* Security.framework in Frameworks */,
				29836F83179A87C5005FA48C /* libiconv.dylib in Frameworks */,
				29836F81179A87B1005FA48C /* QuartzCore.framework in Frameworks */,
				29836F7F179A87A8005FA48C /* CoreVideo.framework in Frameworks */,
				29836F7D179A879D005FA48C /* CoreMedia.framework in Frameworks */,
				29836F7B179A8786005FA48C /* AVFoundation.framework in Frameworks */,
				29C74CA61795DDD80092708D /* UIKit.framework in Frameworks */,
				29C74CA81795DDD80092708D /* Foundation.framework in Frameworks */,
				29C74CAA1795DDD80092708D /* CoreGraphics.framework in Frameworks */,
				29836FA2179A883C005FA48C /* libzbar.a in Frameworks */,
			);
			runOnlyForDeploymentPostprocessing = 0;
		};
		29C74CC71795DDD90092708D /* Frameworks */ = {
			isa = PBXFrameworksBuildPhase;
			buildActionMask = 2147483647;
			files = (
				29C74CCD1795DDD90092708D /* SenTestingKit.framework in Frameworks */,
				29C74CCE1795DDD90092708D /* UIKit.framework in Frameworks */,
				29C74CCF1795DDD90092708D /* Foundation.framework in Frameworks */,
				29836FA3179A883C005FA48C /* libzbar.a in Frameworks */,
			);
			runOnlyForDeploymentPostprocessing = 0;
		};
/* End PBXFrameworksBuildPhase section */

/* Begin PBXGroup section */
		29836F84179A883C005FA48C /* ZBarSDK */ = {
			isa = PBXGroup;
			children = (
				29836F85179A883C005FA48C /* Headers */,
				29836F9C179A883C005FA48C /* libzbar.a */,
				29836F9D179A883C005FA48C /* Resources */,
			);
			path = ZBarSDK;
			sourceTree = "<group>";
		};
		29836F85179A883C005FA48C /* Headers */ = {
			isa = PBXGroup;
			children = (
				29836F86179A883C005FA48C /* ZBarSDK */,
			);
			path = Headers;
			sourceTree = "<group>";
		};
		29836F86179A883C005FA48C /* ZBarSDK */ = {
			isa = PBXGroup;
			children = (
				29836F87179A883C005FA48C /* zbar */,
				29836F91179A883C005FA48C /* zbar.h */,
				29836F92179A883C005FA48C /* ZBarCameraSimulator.h */,
				29836F93179A883C005FA48C /* ZBarCaptureReader.h */,
				29836F94179A883C005FA48C /* ZBarHelpController.h */,
				29836F95179A883C005FA48C /* ZBarImage.h */,
				29836F96179A883C005FA48C /* ZBarImageScanner.h */,
				29836F97179A883C005FA48C /* ZBarReaderController.h */,
				29836F98179A883C005FA48C /* ZBarReaderView.h */,
				29836F99179A883C005FA48C /* ZBarReaderViewController.h */,
				29836F9A179A883C005FA48C /* ZBarSDK.h */,
				29836F9B179A883C005FA48C /* ZBarSymbol.h */,
			);
			path = ZBarSDK;
			sourceTree = "<group>";
		};
		29836F87179A883C005FA48C /* zbar */ = {
			isa = PBXGroup;
			children = (
				29836F88179A883C005FA48C /* Decoder.h */,
				29836F89179A883C005FA48C /* Exception.h */,
				29836F8A179A883C005FA48C /* Image.h */,
				29836F8B179A883C005FA48C /* ImageScanner.h */,
				29836F8C179A883C005FA48C /* Processor.h */,
				29836F8D179A883C005FA48C /* Scanner.h */,
				29836F8E179A883C005FA48C /* Symbol.h */,
				29836F8F179A883C005FA48C /* Video.h */,
				29836F90179A883C005FA48C /* Window.h */,
			);
			path = zbar;
			sourceTree = "<group>";
		};
		29836F9D179A883C005FA48C /* Resources */ = {
			isa = PBXGroup;
			children = (
				29836F9E179A883C005FA48C /* zbar-back.png */,
				29836F9F179A883C005FA48C /* zbar-help.html */,
				29836FA0179A883C005FA48C /* zbar-helpicons.png */,
				29836FA1179A883C005FA48C /* zbar-samples.png */,
			);
			path = Resources;
			sourceTree = "<group>";
		};
		29836FB4179ABA04005FA48C /* Controllers */ = {
			isa = PBXGroup;
			children = (
				29F94A1217EF823D00BFEE9D /* Shared */,
				29F94A0817EF07D100BFEE9D /* TableLayout */,
				29836FB5179ABA15005FA48C /* Settings */,
			);
			name = Controllers;
			sourceTree = "<group>";
		};
		29836FB5179ABA15005FA48C /* Settings */ = {
			isa = PBXGroup;
			children = (
				29836FB6179ABBA0005FA48C /* settingsViewController.h */,
				29836FB7179ABBA0005FA48C /* settingsViewController.m */,
			);
			name = Settings;
			sourceTree = "<group>";
		};
		29836FB9179ABBA8005FA48C /* Storyboards */ = {
			isa = PBXGroup;
			children = (
				29711A5317F6FDFF00B38CB7 /* SettingsStoryboard_iPad.storyboard */,
				29711A5417F6FDFF00B38CB7 /* SettingsStoryboard_iPhone.storyboard */,
				29711A5517F6FDFF00B38CB7 /* TableLayoutStoryboard_iPad.storyboard */,
				29711A5617F6FDFF00B38CB7 /* TableLayoutStoryboard_iPhone.storyboard */,
			);
			name = Storyboards;
			sourceTree = "<group>";
		};
		29853F6417ACFEBD00129662 /* UGAPI */ = {
			isa = PBXGroup;
			children = (
				29853F6517ACFEBD00129662 /* SBJson */,
				29853F7F17ACFEBD00129662 /* SSKeychain.h */,
				29853F8017ACFEBD00129662 /* SSKeychain.m */,
				29853F8117ACFEBD00129662 /* UGActivity.h */,
				29853F8217ACFEBD00129662 /* UGActivity.m */,
				29853F8317ACFEBD00129662 /* UGClient.h */,
				29853F8417ACFEBD00129662 /* UGClient.m */,
				29853F8517ACFEBD00129662 /* UGClientDelegate.h */,
				29853F8617ACFEBD00129662 /* UGClientResponse.h */,
				29853F8717ACFEBD00129662 /* UGClientResponse.m */,
				29853F8817ACFEBD00129662 /* UGHTTPManager.h */,
				29853F8917ACFEBD00129662 /* UGHTTPManager.m */,
				29853F8A17ACFEBD00129662 /* UGMultiStepAction.h */,
				29853F8B17ACFEBD00129662 /* UGMultiStepAction.m */,
				29853F8C17ACFEBD00129662 /* UGQuery.h */,
				29853F8D17ACFEBD00129662 /* UGQuery.m */,
				29853F8E17ACFEBD00129662 /* UGUser.h */,
				29853F8F17ACFEBD00129662 /* UGUser.m */,
				29853F9017ACFEBD00129662 /* v2 */,
			);
			path = UGAPI;
			sourceTree = "<group>";
		};
		29853F6517ACFEBD00129662 /* SBJson */ = {
			isa = PBXGroup;
			children = (
				29853F6617ACFEBD00129662 /* NSObject+SBJson.h */,
				29853F6717ACFEBD00129662 /* NSObject+SBJson.m */,
				29853F6817ACFEBD00129662 /* SBJson.h */,
				29853F6917ACFEBD00129662 /* SBJsonParser.h */,
				29853F6A17ACFEBD00129662 /* SBJsonParser.m */,
				29853F6B17ACFEBD00129662 /* SBJsonStreamParser.h */,
				29853F6C17ACFEBD00129662 /* SBJsonStreamParser.m */,
				29853F6D17ACFEBD00129662 /* SBJsonStreamParserAccumulator.h */,
				29853F6E17ACFEBD00129662 /* SBJsonStreamParserAccumulator.m */,
				29853F6F17ACFEBD00129662 /* SBJsonStreamParserAdapter.h */,
				29853F7017ACFEBD00129662 /* SBJsonStreamParserAdapter.m */,
				29853F7117ACFEBD00129662 /* SBJsonStreamParserState.h */,
				29853F7217ACFEBD00129662 /* SBJsonStreamParserState.m */,
				29853F7317ACFEBD00129662 /* SBJsonStreamWriter.h */,
				29853F7417ACFEBD00129662 /* SBJsonStreamWriter.m */,
				29853F7517ACFEBD00129662 /* SBJsonStreamWriterAccumulator.h */,
				29853F7617ACFEBD00129662 /* SBJsonStreamWriterAccumulator.m */,
				29853F7717ACFEBD00129662 /* SBJsonStreamWriterState.h */,
				29853F7817ACFEBD00129662 /* SBJsonStreamWriterState.m */,
				29853F7917ACFEBD00129662 /* SBJsonTokeniser.h */,
				29853F7A17ACFEBD00129662 /* SBJsonTokeniser.m */,
				29853F7B17ACFEBD00129662 /* SBJsonUTF8Stream.h */,
				29853F7C17ACFEBD00129662 /* SBJsonUTF8Stream.m */,
				29853F7D17ACFEBD00129662 /* SBJsonWriter.h */,
				29853F7E17ACFEBD00129662 /* SBJsonWriter.m */,
			);
			path = SBJson;
			sourceTree = "<group>";
		};
		29853F9017ACFEBD00129662 /* v2 */ = {
			isa = PBXGroup;
			children = (
				29853F9117ACFEBD00129662 /* UGConnection.h */,
				29853F9217ACFEBD00129662 /* UGConnection.m */,
				29853F9317ACFEBD00129662 /* UGHTTPClient.h */,
				29853F9417ACFEBD00129662 /* UGHTTPClient.m */,
				29853F9517ACFEBD00129662 /* UGHTTPHelpers.h */,
				29853F9617ACFEBD00129662 /* UGHTTPHelpers.m */,
				29853F9717ACFEBD00129662 /* UGHTTPResult.h */,
				29853F9817ACFEBD00129662 /* UGHTTPResult.m */,
			);
			path = v2;
			sourceTree = "<group>";
		};
		29853FB717AD0C6300129662 /* ISColorWheel */ = {
			isa = PBXGroup;
			children = (
				29853FB817AD0C6300129662 /* ISColorWheel.h */,
				29853FB917AD0C6300129662 /* ISColorWheel.m */,
			);
			path = ISColorWheel;
			sourceTree = "<group>";
		};
		2993BEE317F1AFBC00406F8E /* DataModel */ = {
			isa = PBXGroup;
			children = (
				2993BEEE17F1B9B900406F8E /* Appliances */,
				2993BEEB17F1B3A200406F8E /* Appliance.h */,
				2993BEEC17F1B3A200406F8E /* Appliance.m */,
				2993BF0817F45AF500406F8E /* ApplianceDetailProtocol.h */,
				2993BEFC17F1C79B00406F8E /* Room.h */,
				2993BEFD17F1C79B00406F8E /* Room.m */,
				2993BEFF17F1C7B700406F8E /* Area.h */,
				2993BF0017F1C7B700406F8E /* Area.m */,
				2993BEE417F1B00600406F8E /* DataManager.h */,
				2993BEE517F1B00600406F8E /* DataManager.m */,
				2997BE4117FC668700A9BE87 /* DataProviderProtocol.h */,
				2997BE4217FC66D400A9BE87 /* UserGridDataProvider.h */,
				2997BE4317FC66D400A9BE87 /* UserGridDataProvider.m */,
			);
			name = DataModel;
			sourceTree = "<group>";
		};
		2993BEEE17F1B9B900406F8E /* Appliances */ = {
			isa = PBXGroup;
			children = (
				2993BEFB17F1BCE900406F8E /* AppliancesInclude.h */,
				2993BEEF17F1B9FB00406F8E /* Light.h */,
				2993BEF017F1B9FB00406F8E /* Light.m */,
				2993BEF517F1BA8700406F8E /* Temperature.h */,
				2993BEF617F1BA8700406F8E /* Temperature.m */,
				2993BF0217F1CED600406F8E /* Louver.h */,
				2993BF0317F1CED600406F8E /* Louver.m */,
				2993BF0517F1CEE900406F8E /* Irrigation.h */,
				2993BF0617F1CEE900406F8E /* Irrigation.m */,
			);
			name = Appliances;
			sourceTree = "<group>";
		};
		2993BF0C17F58D3500406F8E /* Resources */ = {
			isa = PBXGroup;
			children = (
				2993BF6B17F5BA5400406F8E /* Bulb_Cell@2x.png */,
				2993BF6917F5BA2400406F8E /* shp_logo-01.png */,
				2993BF0F17F58D6900406F8E /* Bulb_Off_Cell@2x.png */,
			);
			name = Resources;
			sourceTree = "<group>";
		};
		2993BF5817F5965900406F8E /* iPhone */ = {
			isa = PBXGroup;
			children = (
				2993BF5A17F5996A00406F8E /* AreasTableViewController.h */,
				2993BF5B17F5996A00406F8E /* AreasTableViewController.m */,
				2993BF6017F59B5C00406F8E /* AppliancesTableViewController.h */,
				2993BF6117F59B5C00406F8E /* AppliancesTableViewController.m */,
				2993BF6617F5AB0700406F8E /* FilteredAppliancesTableViewController.h */,
				2993BF6717F5AB0700406F8E /* FilteredAppliancesTableViewController.m */,
			);
			name = iPhone;
			sourceTree = "<group>";
		};
		2993BF5917F5966700406F8E /* iPad */ = {
			isa = PBXGroup;
			children = (
			);
			name = iPad;
			sourceTree = "<group>";
		};
		29C74C991795DDD80092708D = {
			isa = PBXGroup;
			children = (
				29853FB717AD0C6300129662 /* ISColorWheel */,
				29853F6417ACFEBD00129662 /* UGAPI */,
				29836F84179A883C005FA48C /* ZBarSDK */,
				29C74CAB1795DDD80092708D /* SmartHomePoint */,
				29C74CD21795DDD90092708D /* SmartHomePointTests */,
				29C74CA41795DDD80092708D /* Frameworks */,
				29C74CA31795DDD80092708D /* Products */,
			);
			sourceTree = "<group>";
		};
		29C74CA31795DDD80092708D /* Products */ = {
			isa = PBXGroup;
			children = (
				29C74CA21795DDD80092708D /* SmartHomePoint.app */,
				29C74CCB1795DDD90092708D /* SmartHomePointTests.octest */,
			);
			name = Products;
			sourceTree = "<group>";
		};
		29C74CA41795DDD80092708D /* Frameworks */ = {
			isa = PBXGroup;
			children = (
				29853FB117ACFF8700129662 /* Security.framework */,
				29836F82179A87C5005FA48C /* libiconv.dylib */,
				29836F80179A87B1005FA48C /* QuartzCore.framework */,
				29836F7E179A87A8005FA48C /* CoreVideo.framework */,
				29836F7C179A879D005FA48C /* CoreMedia.framework */,
				29836F7A179A8786005FA48C /* AVFoundation.framework */,
				29C74CA51795DDD80092708D /* UIKit.framework */,
				29C74CA71795DDD80092708D /* Foundation.framework */,
				29C74CA91795DDD80092708D /* CoreGraphics.framework */,
				29C74CCC1795DDD90092708D /* SenTestingKit.framework */,
			);
			name = Frameworks;
			sourceTree = "<group>";
		};
		29C74CAB1795DDD80092708D /* SmartHomePoint */ = {
			isa = PBXGroup;
			children = (
				2993BF0C17F58D3500406F8E /* Resources */,
				2993BEE317F1AFBC00406F8E /* DataModel */,
				29836FB9179ABBA8005FA48C /* Storyboards */,
				29836FB4179ABA04005FA48C /* Controllers */,
				29C74CB41795DDD80092708D /* uhkAppDelegate.h */,
				29C74CB51795DDD80092708D /* uhkAppDelegate.m */,
				29C74CAC1795DDD80092708D /* Supporting Files */,
			);
			path = SmartHomePoint;
			sourceTree = "<group>";
		};
		29C74CAC1795DDD80092708D /* Supporting Files */ = {
			isa = PBXGroup;
			children = (
				29836FBC179B2539005FA48C /* Settings.bundle */,
				29978E3717F0627F00C2511C /* SmartHomePoint-Info.plist */,
				29C74CAE1795DDD80092708D /* InfoPlist.strings */,
				29C74CB11795DDD80092708D /* main.m */,
				29C74CB31795DDD80092708D /* SmartHomePoint-Prefix.pch */,
				29C74CB71795DDD80092708D /* Default.png */,
				29C74CB91795DDD80092708D /* Default@2x.png */,
				29C74CBB1795DDD80092708D /* Default-568h@2x.png */,
				29F94A2217EF8A3300BFEE9D /* Localizable.strings */,
			);
			name = "Supporting Files";
			sourceTree = "<group>";
		};
		29C74CD21795DDD90092708D /* SmartHomePointTests */ = {
			isa = PBXGroup;
			children = (
				29C74CD81795DDD90092708D /* SmartHomePointTests.h */,
				29C74CD91795DDD90092708D /* SmartHomePointTests.m */,
				29C74CD31795DDD90092708D /* Supporting Files */,
			);
			path = SmartHomePointTests;
			sourceTree = "<group>";
		};
		29C74CD31795DDD90092708D /* Supporting Files */ = {
			isa = PBXGroup;
			children = (
				29C74CD41795DDD90092708D /* SmartHomePointTests-Info.plist */,
				29C74CD51795DDD90092708D /* InfoPlist.strings */,
			);
			name = "Supporting Files";
			sourceTree = "<group>";
		};
		29F94A0817EF07D100BFEE9D /* TableLayout */ = {
			isa = PBXGroup;
			children = (
				2993BF5917F5966700406F8E /* iPad */,
				2993BF5817F5965900406F8E /* iPhone */,
			);
			name = TableLayout;
			sourceTree = "<group>";
		};
		29F94A1217EF823D00BFEE9D /* Shared */ = {
			isa = PBXGroup;
			children = (
				29F94A1317EF82AE00BFEE9D /* LightDetailViewController.h */,
				29F94A1417EF82AE00BFEE9D /* LightDetailViewController.m */,
				2993BF0917F46BB200406F8E /* TemperatureDetailViewController.h */,
				2993BF0A17F46BB200406F8E /* TemperatureDetailViewController.m */,
			);
			name = Shared;
			sourceTree = "<group>";
		};
/* End PBXGroup section */

/* Begin PBXNativeTarget section */
		29C74CA11795DDD80092708D /* SmartHomePoint */ = {
			isa = PBXNativeTarget;
			buildConfigurationList = 29C74CDD1795DDD90092708D /* Build configuration list for PBXNativeTarget "SmartHomePoint" */;
			buildPhases = (
				29C74C9E1795DDD80092708D /* Sources */,
				29C74C9F1795DDD80092708D /* Frameworks */,
				29C74CA01795DDD80092708D /* Resources */,
			);
			buildRules = (
			);
			dependencies = (
			);
			name = SmartHomePoint;
			productName = SmartHomePoint;
			productReference = 29C74CA21795DDD80092708D /* SmartHomePoint.app */;
			productType = "com.apple.product-type.application";
		};
		29C74CCA1795DDD90092708D /* SmartHomePointTests */ = {
			isa = PBXNativeTarget;
			buildConfigurationList = 29C74CE01795DDD90092708D /* Build configuration list for PBXNativeTarget "SmartHomePointTests" */;
			buildPhases = (
				29C74CC61795DDD90092708D /* Sources */,
				29C74CC71795DDD90092708D /* Frameworks */,
				29C74CC81795DDD90092708D /* Resources */,
				29C74CC91795DDD90092708D /* ShellScript */,
			);
			buildRules = (
			);
			dependencies = (
				29C74CD11795DDD90092708D /* PBXTargetDependency */,
			);
			name = SmartHomePointTests;
			productName = SmartHomePointTests;
			productReference = 29C74CCB1795DDD90092708D /* SmartHomePointTests.octest */;
			productType = "com.apple.product-type.bundle";
		};
/* End PBXNativeTarget section */

/* Begin PBXProject section */
		29C74C9A1795DDD80092708D /* Project object */ = {
			isa = PBXProject;
			attributes = {
				CLASSPREFIX = uhk;
				LastUpgradeCheck = 0460;
				ORGANIZATIONNAME = "Jaroslav Kutnar @ University Hradec Kralove";
			};
			buildConfigurationList = 29C74C9D1795DDD80092708D /* Build configuration list for PBXProject "SmartHomePoint" */;
			compatibilityVersion = "Xcode 3.2";
			developmentRegion = English;
			hasScannedForEncodings = 0;
			knownRegions = (
				en,
				cs,
				Base,
			);
			mainGroup = 29C74C991795DDD80092708D;
			productRefGroup = 29C74CA31795DDD80092708D /* Products */;
			projectDirPath = "";
			projectRoot = "";
			targets = (
				29C74CA11795DDD80092708D /* SmartHomePoint */,
				29C74CCA1795DDD90092708D /* SmartHomePointTests */,
			);
		};
/* End PBXProject section */

/* Begin PBXResourcesBuildPhase section */
		29C74CA01795DDD80092708D /* Resources */ = {
			isa = PBXResourcesBuildPhase;
			buildActionMask = 2147483647;
			files = (
				29C74CB01795DDD80092708D /* InfoPlist.strings in Resources */,
				29C74CB81795DDD80092708D /* Default.png in Resources */,
				29C74CBA1795DDD80092708D /* Default@2x.png in Resources */,
				29C74CBC1795DDD80092708D /* Default-568h@2x.png in Resources */,
				29711A5717F6FDFF00B38CB7 /* SettingsStoryboard_iPad.storyboard in Resources */,
				29836FA4179A883C005FA48C /* zbar-back.png in Resources */,
				29836FA6179A883C005FA48C /* zbar-help.html in Resources */,
				29711A5A17F6FDFF00B38CB7 /* TableLayoutStoryboard_iPhone.storyboard in Resources */,
				29836FA8179A883C005FA48C /* zbar-helpicons.png in Resources */,
				29711A5917F6FDFF00B38CB7 /* TableLayoutStoryboard_iPad.storyboard in Resources */,
				29836FAA179A883C005FA48C /* zbar-samples.png in Resources */,
				29836FBD179B2539005FA48C /* Settings.bundle in Resources */,
				2993BF6C17F5BA5400406F8E /* Bulb_Cell@2x.png in Resources */,
				2993BF6A17F5BA2400406F8E /* shp_logo-01.png in Resources */,
				29F94A2017EF8A3300BFEE9D /* Localizable.strings in Resources */,
				2993BF1017F58D6900406F8E /* Bulb_Off_Cell@2x.png in Resources */,
				29711A5817F6FDFF00B38CB7 /* SettingsStoryboard_iPhone.storyboard in Resources */,
			);
			runOnlyForDeploymentPostprocessing = 0;
		};
		29C74CC81795DDD90092708D /* Resources */ = {
			isa = PBXResourcesBuildPhase;
			buildActionMask = 2147483647;
			files = (
				29C74CD71795DDD90092708D /* InfoPlist.strings in Resources */,
				29836FA5179A883C005FA48C /* zbar-back.png in Resources */,
				29836FA7179A883C005FA48C /* zbar-help.html in Resources */,
				29836FA9179A883C005FA48C /* zbar-helpicons.png in Resources */,
				29836FAB179A883C005FA48C /* zbar-samples.png in Resources */,
			);
			runOnlyForDeploymentPostprocessing = 0;
		};
/* End PBXResourcesBuildPhase section */

/* Begin PBXShellScriptBuildPhase section */
		29C74CC91795DDD90092708D /* ShellScript */ = {
			isa = PBXShellScriptBuildPhase;
			buildActionMask = 2147483647;
			files = (
			);
			inputPaths = (
			);
			outputPaths = (
			);
			runOnlyForDeploymentPostprocessing = 0;
			shellPath = /bin/sh;
			shellScript = "# Run the unit tests in this test bundle.\n\"${SYSTEM_DEVELOPER_DIR}/Tools/RunUnitTests\"\n";
		};
/* End PBXShellScriptBuildPhase section */

/* Begin PBXSourcesBuildPhase section */
		29C74C9E1795DDD80092708D /* Sources */ = {
			isa = PBXSourcesBuildPhase;
			buildActionMask = 2147483647;
			files = (
				2993BEFE17F1C79B00406F8E /* Room.m in Sources */,
				29C74CB21795DDD80092708D /* main.m in Sources */,
				29C74CB61795DDD80092708D /* uhkAppDelegate.m in Sources */,
				2993BF0717F1CEE900406F8E /* Irrigation.m in Sources */,
				2993BF0417F1CED600406F8E /* Louver.m in Sources */,
				29836FB8179ABBA0005FA48C /* settingsViewController.m in Sources */,
				29853F9917ACFEBD00129662 /* NSObject+SBJson.m in Sources */,
				29853F9A17ACFEBD00129662 /* SBJsonParser.m in Sources */,
				2993BEF117F1B9FB00406F8E /* Light.m in Sources */,
				29853F9B17ACFEBD00129662 /* SBJsonStreamParser.m in Sources */,
				29853F9C17ACFEBD00129662 /* SBJsonStreamParserAccumulator.m in Sources */,
				2993BF0B17F46BB200406F8E /* TemperatureDetailViewController.m in Sources */,
				2993BF5C17F5996A00406F8E /* AreasTableViewController.m in Sources */,
				2993BF0117F1C7B700406F8E /* Area.m in Sources */,
				29853F9D17ACFEBD00129662 /* SBJsonStreamParserAdapter.m in Sources */,
				29853F9E17ACFEBD00129662 /* SBJsonStreamParserState.m in Sources */,
				29853F9F17ACFEBD00129662 /* SBJsonStreamWriter.m in Sources */,
				29853FA017ACFEBD00129662 /* SBJsonStreamWriterAccumulator.m in Sources */,
				29853FA117ACFEBD00129662 /* SBJsonStreamWriterState.m in Sources */,
				2993BEED17F1B3A200406F8E /* Appliance.m in Sources */,
				29853FA217ACFEBD00129662 /* SBJsonTokeniser.m in Sources */,
				29853FA317ACFEBD00129662 /* SBJsonUTF8Stream.m in Sources */,
				29853FA417ACFEBD00129662 /* SBJsonWriter.m in Sources */,
				2997BE4417FC66D400A9BE87 /* UserGridDataProvider.m in Sources */,
				29853FA517ACFEBD00129662 /* SSKeychain.m in Sources */,
				29853FA617ACFEBD00129662 /* UGActivity.m in Sources */,
				29853FA717ACFEBD00129662 /* UGClient.m in Sources */,
				2993BEF717F1BA8700406F8E /* Temperature.m in Sources */,
				2993BEE617F1B00600406F8E /* DataManager.m in Sources */,
				29853FA817ACFEBD00129662 /* UGClientResponse.m in Sources */,
				29853FA917ACFEBD00129662 /* UGHTTPManager.m in Sources */,
				29853FAA17ACFEBD00129662 /* UGMultiStepAction.m in Sources */,
				29853FAB17ACFEBD00129662 /* UGQuery.m in Sources */,
				29853FAC17ACFEBD00129662 /* UGUser.m in Sources */,
				29853FAD17ACFEBD00129662 /* UGConnection.m in Sources */,
				29853FAE17ACFEBD00129662 /* UGHTTPClient.m in Sources */,
				2993BF6817F5AB0700406F8E /* FilteredAppliancesTableViewController.m in Sources */,
				29853FAF17ACFEBD00129662 /* UGHTTPHelpers.m in Sources */,
				29853FB017ACFEBD00129662 /* UGHTTPResult.m in Sources */,
				2993BF6217F59B5C00406F8E /* AppliancesTableViewController.m in Sources */,
				29F94A1517EF82AE00BFEE9D /* LightDetailViewController.m in Sources */,
				29853FBA17AD0C6300129662 /* ISColorWheel.m in Sources */,
			);
			runOnlyForDeploymentPostprocessing = 0;
		};
		29C74CC61795DDD90092708D /* Sources */ = {
			isa = PBXSourcesBuildPhase;
			buildActionMask = 2147483647;
			files = (
				29C74CDA1795DDD90092708D /* SmartHomePointTests.m in Sources */,
			);
			runOnlyForDeploymentPostprocessing = 0;
		};
/* End PBXSourcesBuildPhase section */

/* Begin PBXTargetDependency section */
		29C74CD11795DDD90092708D /* PBXTargetDependency */ = {
			isa = PBXTargetDependency;
			target = 29C74CA11795DDD80092708D /* SmartHomePoint */;
			targetProxy = 29C74CD01795DDD90092708D /* PBXContainerItemProxy */;
		};
/* End PBXTargetDependency section */

/* Begin PBXVariantGroup section */
		29978E3717F0627F00C2511C /* SmartHomePoint-Info.plist */ = {
			isa = PBXVariantGroup;
			children = (
				29978E3617F0627F00C2511C /* en */,
				29978E3817F0628600C2511C /* cs */,
			);
			name = "SmartHomePoint-Info.plist";
			sourceTree = "<group>";
		};
		29C74CAE1795DDD80092708D /* InfoPlist.strings */ = {
			isa = PBXVariantGroup;
			children = (
				29C74CAF1795DDD80092708D /* en */,
				29F94A1A17EF894300BFEE9D /* cs */,
			);
			name = InfoPlist.strings;
			sourceTree = "<group>";
		};
		29C74CD51795DDD90092708D /* InfoPlist.strings */ = {
			isa = PBXVariantGroup;
			children = (
				29C74CD61795DDD90092708D /* en */,
				29F94A1B17EF894300BFEE9D /* cs */,
			);
			name = InfoPlist.strings;
			sourceTree = "<group>";
		};
		29F94A2217EF8A3300BFEE9D /* Localizable.strings */ = {
			isa = PBXVariantGroup;
			children = (
				29F94A2117EF8A3300BFEE9D /* en */,
				29F94A2317EF8A3800BFEE9D /* cs */,
			);
			name = Localizable.strings;
			sourceTree = "<group>";
		};
/* End PBXVariantGroup section */

/* Begin XCBuildConfiguration section */
		29C74CDB1795DDD90092708D /* Debug */ = {
			isa = XCBuildConfiguration;
			buildSettings = {
				ALWAYS_SEARCH_USER_PATHS = NO;
				CLANG_CXX_LANGUAGE_STANDARD = "gnu++0x";
				CLANG_CXX_LIBRARY = "libc++";
				CLANG_ENABLE_OBJC_ARC = YES;
				CLANG_WARN_CONSTANT_CONVERSION = YES;
				CLANG_WARN_EMPTY_BODY = YES;
				CLANG_WARN_ENUM_CONVERSION = YES;
				CLANG_WARN_INT_CONVERSION = YES;
				CLANG_WARN__DUPLICATE_METHOD_MATCH = YES;
				"CODE_SIGN_IDENTITY[sdk=iphoneos*]" = "iPhone Developer";
				COPY_PHASE_STRIP = NO;
				GCC_C_LANGUAGE_STANDARD = gnu99;
				GCC_DYNAMIC_NO_PIC = NO;
				GCC_OPTIMIZATION_LEVEL = 0;
				GCC_PREPROCESSOR_DEFINITIONS = (
					"DEBUG=1",
					"$(inherited)",
				);
				GCC_SYMBOLS_PRIVATE_EXTERN = NO;
				GCC_WARN_ABOUT_RETURN_TYPE = YES;
				GCC_WARN_UNINITIALIZED_AUTOS = YES;
				GCC_WARN_UNUSED_VARIABLE = YES;
				IPHONEOS_DEPLOYMENT_TARGET = 6.1;
				LIBRARY_SEARCH_PATHS = (
					"$(inherited)",
					"\"$(SRCROOT)/ZBarSDK\"",
				);
				ONLY_ACTIVE_ARCH = YES;
				SDKROOT = iphoneos;
				TARGETED_DEVICE_FAMILY = "1,2";
			};
			name = Debug;
		};
		29C74CDC1795DDD90092708D /* Release */ = {
			isa = XCBuildConfiguration;
			buildSettings = {
				ALWAYS_SEARCH_USER_PATHS = NO;
				CLANG_CXX_LANGUAGE_STANDARD = "gnu++0x";
				CLANG_CXX_LIBRARY = "libc++";
				CLANG_ENABLE_OBJC_ARC = YES;
				CLANG_WARN_CONSTANT_CONVERSION = YES;
				CLANG_WARN_EMPTY_BODY = YES;
				CLANG_WARN_ENUM_CONVERSION = YES;
				CLANG_WARN_INT_CONVERSION = YES;
				CLANG_WARN__DUPLICATE_METHOD_MATCH = YES;
				"CODE_SIGN_IDENTITY[sdk=iphoneos*]" = "iPhone Developer";
				COPY_PHASE_STRIP = YES;
				GCC_C_LANGUAGE_STANDARD = gnu99;
				GCC_WARN_ABOUT_RETURN_TYPE = YES;
				GCC_WARN_UNINITIALIZED_AUTOS = YES;
				GCC_WARN_UNUSED_VARIABLE = YES;
				IPHONEOS_DEPLOYMENT_TARGET = 6.1;
				LIBRARY_SEARCH_PATHS = (
					"$(inherited)",
					"\"$(SRCROOT)/ZBarSDK\"",
				);
				OTHER_CFLAGS = "-DNS_BLOCK_ASSERTIONS=1";
				SDKROOT = iphoneos;
				TARGETED_DEVICE_FAMILY = "1,2";
				VALIDATE_PRODUCT = YES;
			};
			name = Release;
		};
		29C74CDE1795DDD90092708D /* Debug */ = {
			isa = XCBuildConfiguration;
			buildSettings = {
				GCC_PRECOMPILE_PREFIX_HEADER = YES;
				GCC_PREFIX_HEADER = "SmartHomePoint/SmartHomePoint-Prefix.pch";
				INFOPLIST_FILE = "$(SRCROOT)/SmartHomePointTests/SmartHomePointTests-Info.plist";
				IPHONEOS_DEPLOYMENT_TARGET = 6.0;
				LIBRARY_SEARCH_PATHS = (
					"$(inherited)",
					"\"$(SRCROOT)/ZBarSDK\"",
				);
				PRODUCT_NAME = "$(TARGET_NAME)";
				WRAPPER_EXTENSION = app;
			};
			name = Debug;
		};
		29C74CDF1795DDD90092708D /* Release */ = {
			isa = XCBuildConfiguration;
			buildSettings = {
				GCC_PRECOMPILE_PREFIX_HEADER = YES;
				GCC_PREFIX_HEADER = "SmartHomePoint/SmartHomePoint-Prefix.pch";
				INFOPLIST_FILE = "$(SRCROOT)/SmartHomePointTests/SmartHomePointTests-Info.plist";
				IPHONEOS_DEPLOYMENT_TARGET = 6.0;
				LIBRARY_SEARCH_PATHS = (
					"$(inherited)",
					"\"$(SRCROOT)/ZBarSDK\"",
				);
				PRODUCT_NAME = "$(TARGET_NAME)";
				WRAPPER_EXTENSION = app;
			};
			name = Release;
		};
		29C74CE11795DDD90092708D /* Debug */ = {
			isa = XCBuildConfiguration;
			buildSettings = {
				BUNDLE_LOADER = "$(BUILT_PRODUCTS_DIR)/SmartHomePoint.app/SmartHomePoint";
				FRAMEWORK_SEARCH_PATHS = (
					"\"$(SDKROOT)/Developer/Library/Frameworks\"",
					"\"$(DEVELOPER_LIBRARY_DIR)/Frameworks\"",
				);
				GCC_PRECOMPILE_PREFIX_HEADER = YES;
				GCC_PREFIX_HEADER = "SmartHomePoint/SmartHomePoint-Prefix.pch";
				INFOPLIST_FILE = "SmartHomePointTests/SmartHomePointTests-Info.plist";
				LIBRARY_SEARCH_PATHS = (
					"$(inherited)",
					"\"$(SRCROOT)/ZBarSDK\"",
				);
				PRODUCT_NAME = "$(TARGET_NAME)";
				TEST_HOST = "$(BUNDLE_LOADER)";
				WRAPPER_EXTENSION = octest;
			};
			name = Debug;
		};
		29C74CE21795DDD90092708D /* Release */ = {
			isa = XCBuildConfiguration;
			buildSettings = {
				BUNDLE_LOADER = "$(BUILT_PRODUCTS_DIR)/SmartHomePoint.app/SmartHomePoint";
				FRAMEWORK_SEARCH_PATHS = (
					"\"$(SDKROOT)/Developer/Library/Frameworks\"",
					"\"$(DEVELOPER_LIBRARY_DIR)/Frameworks\"",
				);
				GCC_PRECOMPILE_PREFIX_HEADER = YES;
				GCC_PREFIX_HEADER = "SmartHomePoint/SmartHomePoint-Prefix.pch";
				INFOPLIST_FILE = "SmartHomePointTests/SmartHomePointTests-Info.plist";
				LIBRARY_SEARCH_PATHS = (
					"$(inherited)",
					"\"$(SRCROOT)/ZBarSDK\"",
				);
				PRODUCT_NAME = "$(TARGET_NAME)";
				TEST_HOST = "$(BUNDLE_LOADER)";
				WRAPPER_EXTENSION = octest;
			};
			name = Release;
		};
/* End XCBuildConfiguration section */

/* Begin XCConfigurationList section */
		29C74C9D1795DDD80092708D /* Build configuration list for PBXProject "SmartHomePoint" */ = {
			isa = XCConfigurationList;
			buildConfigurations = (
				29C74CDB1795DDD90092708D /* Debug */,
				29C74CDC1795DDD90092708D /* Release */,
			);
			defaultConfigurationIsVisible = 0;
			defaultConfigurationName = Release;
		};
		29C74CDD1795DDD90092708D /* Build configuration list for PBXNativeTarget "SmartHomePoint" */ = {
			isa = XCConfigurationList;
			buildConfigurations = (
				29C74CDE1795DDD90092708D /* Debug */,
				29C74CDF1795DDD90092708D /* Release */,
			);
			defaultConfigurationIsVisible = 0;
			defaultConfigurationName = Release;
		};
		29C74CE01795DDD90092708D /* Build configuration list for PBXNativeTarget "SmartHomePointTests" */ = {
			isa = XCConfigurationList;
			buildConfigurations = (
				29C74CE11795DDD90092708D /* Debug */,
				29C74CE21795DDD90092708D /* Release */,
			);
			defaultConfigurationIsVisible = 0;
			defaultConfigurationName = Release;
		};
/* End XCConfigurationList section */
	};
	rootObject = 29C74C9A1795DDD80092708D /* Project object */;
}
