// !$*UTF8*$!
{
	archiveVersion = 1;
	classes = {
	};
	objectVersion = 46;
	objects = {

/* Begin PBXBuildFile section */
		29711A5717F6FDFF00B38CB7 /* SettingsStoryboard_iPad.storyboard in Resources */ = {isa = PBXBuildFile; fileRef = 29711A5317F6FDFF00B38CB7 /* SettingsStoryboard_iPad.storyboard */; };
		29711A5817F6FDFF00B38CB7 /* SettingsStoryboard_iPhone.storyboard in Resources */ = {isa = PBXBuildFile; fileRef = 29711A5417F6FDFF00B38CB7 /* SettingsStoryboard_iPhone.storyboard */; };
		29711A5917F6FDFF00B38CB7 /* TableLayoutStoryboard_iPad.storyboard in Resources */ = {isa = PBXBuildFile; fileRef = 29711A5517F6FDFF00B38CB7 /* TableLayoutStoryboard_iPad.storyboard */; };
		29711A5A17F6FDFF00B38CB7 /* TableLayoutStoryboard_iPhone.storyboard in Resources */ = {isa = PBXBuildFile; fileRef = 29711A5617F6FDFF00B38CB7 /* TableLayoutStoryboard_iPhone.storyboard */; };
		29836F7B179A8786005FA48C /* AVFoundation.framework in Frameworks */ = {isa = PBXBuildFile; fileRef = 29836F7A179A8786005FA48C /* AVFoundation.framework */; };
		29836F7D179A879D005FA48C /* CoreMedia.framework in Frameworks */ = {isa = PBXBuildFile; fileRef = 29836F7C179A879D005FA48C /* CoreMedia.framework */; };
		29836F7F179A87A8005FA48C /* CoreVideo.framework in Frameworks */ = {isa = PBXBuildFile; fileRef = 29836F7E179A87A8005FA48C /* CoreVideo.framework */; };
		29836F81179A87B1005FA48C /* QuartzCore.framework in Frameworks */ = {isa = PBXBuildFile; fileRef = 29836F80179A87B1005FA48C /* QuartzCore.framework */; };
		29836F83179A87C5005FA48C /* libiconv.dylib in Frameworks */ = {isa = PBXBuildFile; fileRef = 29836F82179A87C5005FA48C /* libiconv.dylib */; };
		29836FB8179ABBA0005FA48C /* settingsViewController.m in Sources */ = {isa = PBXBuildFile; fileRef = 29836FB7179ABBA0005FA48C /* settingsViewController.m */; };
		29836FBD179B2539005FA48C /* Settings.bundle in Resources */ = {isa = PBXBuildFile; fileRef = 29836FBC179B2539005FA48C /* Settings.bundle */; };
		29853FB217ACFF8700129662 /* Security.framework in Frameworks */ = {isa = PBXBuildFile; fileRef = 29853FB117ACFF8700129662 /* Security.framework */; };
		29853FBA17AD0C6300129662 /* ISColorWheel.m in Sources */ = {isa = PBXBuildFile; fileRef = 29853FB917AD0C6300129662 /* ISColorWheel.m */; };
		2993BEE617F1B00600406F8E /* DataManager.m in Sources */ = {isa = PBXBuildFile; fileRef = 2993BEE517F1B00600406F8E /* DataManager.m */; };
		2993BEED17F1B3A200406F8E /* Appliance.m in Sources */ = {isa = PBXBuildFile; fileRef = 2993BEEC17F1B3A200406F8E /* Appliance.m */; };
		2993BEF117F1B9FB00406F8E /* Light.m in Sources */ = {isa = PBXBuildFile; fileRef = 2993BEF017F1B9FB00406F8E /* Light.m */; };
		2993BEF717F1BA8700406F8E /* Temperature.m in Sources */ = {isa = PBXBuildFile; fileRef = 2993BEF617F1BA8700406F8E /* Temperature.m */; };
		2993BEFE17F1C79B00406F8E /* Room.m in Sources */ = {isa = PBXBuildFile; fileRef = 2993BEFD17F1C79B00406F8E /* Room.m */; };
		2993BF0117F1C7B700406F8E /* Area.m in Sources */ = {isa = PBXBuildFile; fileRef = 2993BF0017F1C7B700406F8E /* Area.m */; };
		2993BF0417F1CED600406F8E /* Louver.m in Sources */ = {isa = PBXBuildFile; fileRef = 2993BF0317F1CED600406F8E /* Louver.m */; };
		2993BF0717F1CEE900406F8E /* Irrigation.m in Sources */ = {isa = PBXBuildFile; fileRef = 2993BF0617F1CEE900406F8E /* Irrigation.m */; };
		2993BF0B17F46BB200406F8E /* TemperatureDetailViewController.m in Sources */ = {isa = PBXBuildFile; fileRef = 2993BF0A17F46BB200406F8E /* TemperatureDetailViewController.m */; };
		2993BF1017F58D6900406F8E /* Bulb_Off_Cell@2x.png in Resources */ = {isa = PBXBuildFile; fileRef = 2993BF0F17F58D6900406F8E /* Bulb_Off_Cell@2x.png */; };
		2993BF5C17F5996A00406F8E /* AreasTableViewController.m in Sources */ = {isa = PBXBuildFile; fileRef = 2993BF5B17F5996A00406F8E /* AreasTableViewController.m */; };
		2993BF6217F59B5C00406F8E /* AppliancesTableViewController.m in Sources */ = {isa = PBXBuildFile; fileRef = 2993BF6117F59B5C00406F8E /* AppliancesTableViewController.m */; };
		2993BF6817F5AB0700406F8E /* FilteredAppliancesTableViewController.m in Sources */ = {isa = PBXBuildFile; fileRef = 2993BF6717F5AB0700406F8E /* FilteredAppliancesTableViewController.m */; };
		2993BF6A17F5BA2400406F8E /* shp_logo-01.png in Resources */ = {isa = PBXBuildFile; fileRef = 2993BF6917F5BA2400406F8E /* shp_logo-01.png */; };
		2993BF6C17F5BA5400406F8E /* Bulb_Cell@2x.png in Resources */ = {isa = PBXBuildFile; fileRef = 2993BF6B17F5BA5400406F8E /* Bulb_Cell@2x.png */; };
		2997BE4417FC66D400A9BE87 /* UserGridDataProvider.m in Sources */ = {isa = PBXBuildFile; fileRef = 2997BE4317FC66D400A9BE87 /* UserGridDataProvider.m */; };
		2997BE4617FC765E00A9BE87 /* Red_dot.png in Resources */ = {isa = PBXBuildFile; fileRef = 2997BE4517FC765E00A9BE87 /* Red_dot.png */; };
		29A7728218F535E6002EB5EF /* TableLayoutSplitViewController.m in Sources */ = {isa = PBXBuildFile; fileRef = 29A7728118F535E6002EB5EF /* TableLayoutSplitViewController.m */; };
		29A7728518F5375C002EB5EF /* TableLayoutMasterTableViewController.m in Sources */ = {isa = PBXBuildFile; fileRef = 29A7728418F5375C002EB5EF /* TableLayoutMasterTableViewController.m */; };
		29C74CA61795DDD80092708D /* UIKit.framework in Frameworks */ = {isa = PBXBuildFile; fileRef = 29C74CA51795DDD80092708D /* UIKit.framework */; };
		29C74CA81795DDD80092708D /* Foundation.framework in Frameworks */ = {isa = PBXBuildFile; fileRef = 29C74CA71795DDD80092708D /* Foundation.framework */; };
		29C74CAA1795DDD80092708D /* CoreGraphics.framework in Frameworks */ = {isa = PBXBuildFile; fileRef = 29C74CA91795DDD80092708D /* CoreGraphics.framework */; };
		29C74CB01795DDD80092708D /* InfoPlist.strings in Resources */ = {isa = PBXBuildFile; fileRef = 29C74CAE1795DDD80092708D /* InfoPlist.strings */; };
		29C74CB21795DDD80092708D /* main.m in Sources */ = {isa = PBXBuildFile; fileRef = 29C74CB11795DDD80092708D /* main.m */; };
		29C74CB61795DDD80092708D /* uhkAppDelegate.m in Sources */ = {isa = PBXBuildFile; fileRef = 29C74CB51795DDD80092708D /* uhkAppDelegate.m */; };
		29C74CB81795DDD80092708D /* Default.png in Resources */ = {isa = PBXBuildFile; fileRef = 29C74CB71795DDD80092708D /* Default.png */; };
		29C74CBA1795DDD80092708D /* Default@2x.png in Resources */ = {isa = PBXBuildFile; fileRef = 29C74CB91795DDD80092708D /* Default@2x.png */; };
		29C74CBC1795DDD80092708D /* Default-568h@2x.png in Resources */ = {isa = PBXBuildFile; fileRef = 29C74CBB1795DDD80092708D /* Default-568h@2x.png */; };
		29C74CCE1795DDD90092708D /* UIKit.framework in Frameworks */ = {isa = PBXBuildFile; fileRef = 29C74CA51795DDD80092708D /* UIKit.framework */; };
		29C74CCF1795DDD90092708D /* Foundation.framework in Frameworks */ = {isa = PBXBuildFile; fileRef = 29C74CA71795DDD80092708D /* Foundation.framework */; };
		29C74CD71795DDD90092708D /* InfoPlist.strings in Resources */ = {isa = PBXBuildFile; fileRef = 29C74CD51795DDD90092708D /* InfoPlist.strings */; };
		29C74CDA1795DDD90092708D /* SmartHomePointTests.m in Sources */ = {isa = PBXBuildFile; fileRef = 29C74CD91795DDD90092708D /* SmartHomePointTests.m */; };
		29DDC32218F3D9C1009C6639 /* libzbar.a in Frameworks */ = {isa = PBXBuildFile; fileRef = 29DDC31C18F3D9C1009C6639 /* libzbar.a */; };
		29DDC32318F3D9C1009C6639 /* zbar-back.png in Resources */ = {isa = PBXBuildFile; fileRef = 29DDC31E18F3D9C1009C6639 /* zbar-back.png */; };
		29DDC32418F3D9C1009C6639 /* zbar-help.html in Resources */ = {isa = PBXBuildFile; fileRef = 29DDC31F18F3D9C1009C6639 /* zbar-help.html */; };
		29DDC32518F3D9C1009C6639 /* zbar-helpicons.png in Resources */ = {isa = PBXBuildFile; fileRef = 29DDC32018F3D9C1009C6639 /* zbar-helpicons.png */; };
		29DDC32618F3D9C1009C6639 /* zbar-samples.png in Resources */ = {isa = PBXBuildFile; fileRef = 29DDC32118F3D9C1009C6639 /* zbar-samples.png */; };
		29DDC35C18F3DA78009C6639 /* NSObject+SBJson.m in Sources */ = {isa = PBXBuildFile; fileRef = 29DDC32A18F3DA78009C6639 /* NSObject+SBJson.m */; };
		29DDC35D18F3DA78009C6639 /* SBJsonParser.m in Sources */ = {isa = PBXBuildFile; fileRef = 29DDC32D18F3DA78009C6639 /* SBJsonParser.m */; };
		29DDC35E18F3DA78009C6639 /* SBJsonStreamParser.m in Sources */ = {isa = PBXBuildFile; fileRef = 29DDC32F18F3DA78009C6639 /* SBJsonStreamParser.m */; };
		29DDC35F18F3DA78009C6639 /* SBJsonStreamParserAccumulator.m in Sources */ = {isa = PBXBuildFile; fileRef = 29DDC33118F3DA78009C6639 /* SBJsonStreamParserAccumulator.m */; };
		29DDC36018F3DA78009C6639 /* SBJsonStreamParserAdapter.m in Sources */ = {isa = PBXBuildFile; fileRef = 29DDC33318F3DA78009C6639 /* SBJsonStreamParserAdapter.m */; };
		29DDC36118F3DA78009C6639 /* SBJsonStreamParserState.m in Sources */ = {isa = PBXBuildFile; fileRef = 29DDC33518F3DA78009C6639 /* SBJsonStreamParserState.m */; };
		29DDC36218F3DA78009C6639 /* SBJsonStreamWriter.m in Sources */ = {isa = PBXBuildFile; fileRef = 29DDC33718F3DA78009C6639 /* SBJsonStreamWriter.m */; };
		29DDC36318F3DA78009C6639 /* SBJsonStreamWriterAccumulator.m in Sources */ = {isa = PBXBuildFile; fileRef = 29DDC33918F3DA78009C6639 /* SBJsonStreamWriterAccumulator.m */; };
		29DDC36418F3DA78009C6639 /* SBJsonStreamWriterState.m in Sources */ = {isa = PBXBuildFile; fileRef = 29DDC33B18F3DA78009C6639 /* SBJsonStreamWriterState.m */; };
		29DDC36518F3DA78009C6639 /* SBJsonTokeniser.m in Sources */ = {isa = PBXBuildFile; fileRef = 29DDC33D18F3DA78009C6639 /* SBJsonTokeniser.m */; };
		29DDC36618F3DA78009C6639 /* SBJsonUTF8Stream.m in Sources */ = {isa = PBXBuildFile; fileRef = 29DDC33F18F3DA78009C6639 /* SBJsonUTF8Stream.m */; };
		29DDC36718F3DA78009C6639 /* SBJsonWriter.m in Sources */ = {isa = PBXBuildFile; fileRef = 29DDC34118F3DA78009C6639 /* SBJsonWriter.m */; };
		29DDC36818F3DA78009C6639 /* SSKeychain.m in Sources */ = {isa = PBXBuildFile; fileRef = 29DDC34318F3DA78009C6639 /* SSKeychain.m */; };
		29DDC36918F3DA78009C6639 /* UGActivity.m in Sources */ = {isa = PBXBuildFile; fileRef = 29DDC34518F3DA78009C6639 /* UGActivity.m */; };
		29DDC36A18F3DA78009C6639 /* UGClient.m in Sources */ = {isa = PBXBuildFile; fileRef = 29DDC34718F3DA78009C6639 /* UGClient.m */; };
		29DDC36B18F3DA78009C6639 /* UGClientResponse.m in Sources */ = {isa = PBXBuildFile; fileRef = 29DDC34A18F3DA78009C6639 /* UGClientResponse.m */; };
		29DDC36C18F3DA78009C6639 /* UGHTTPManager.m in Sources */ = {isa = PBXBuildFile; fileRef = 29DDC34C18F3DA78009C6639 /* UGHTTPManager.m */; };
		29DDC36D18F3DA78009C6639 /* UGMultiStepAction.m in Sources */ = {isa = PBXBuildFile; fileRef = 29DDC34E18F3DA78009C6639 /* UGMultiStepAction.m */; };
		29DDC36E18F3DA78009C6639 /* UGQuery.m in Sources */ = {isa = PBXBuildFile; fileRef = 29DDC35018F3DA78009C6639 /* UGQuery.m */; };
		29DDC36F18F3DA78009C6639 /* UGUser.m in Sources */ = {isa = PBXBuildFile; fileRef = 29DDC35218F3DA78009C6639 /* UGUser.m */; };
		29DDC37018F3DA78009C6639 /* UGConnection.m in Sources */ = {isa = PBXBuildFile; fileRef = 29DDC35518F3DA78009C6639 /* UGConnection.m */; };
		29DDC37118F3DA78009C6639 /* UGHTTPClient.m in Sources */ = {isa = PBXBuildFile; fileRef = 29DDC35718F3DA78009C6639 /* UGHTTPClient.m */; };
		29DDC37218F3DA78009C6639 /* UGHTTPHelpers.m in Sources */ = {isa = PBXBuildFile; fileRef = 29DDC35918F3DA78009C6639 /* UGHTTPHelpers.m */; };
		29DDC37318F3DA78009C6639 /* UGHTTPResult.m in Sources */ = {isa = PBXBuildFile; fileRef = 29DDC35B18F3DA78009C6639 /* UGHTTPResult.m */; };
		29F94A1517EF82AE00BFEE9D /* LightDetailViewController.m in Sources */ = {isa = PBXBuildFile; fileRef = 29F94A1417EF82AE00BFEE9D /* LightDetailViewController.m */; };
		29F94A2017EF8A3300BFEE9D /* Localizable.strings in Resources */ = {isa = PBXBuildFile; fileRef = 29F94A2217EF8A3300BFEE9D /* Localizable.strings */; };
/* End PBXBuildFile section */

/* Begin PBXContainerItemProxy section */
		29C74CD01795DDD90092708D /* PBXContainerItemProxy */ = {
			isa = PBXContainerItemProxy;
			containerPortal = 29C74C9A1795DDD80092708D /* Project object */;
			proxyType = 1;
			remoteGlobalIDString = 29C74CA11795DDD80092708D;
			remoteInfo = SmartHomePoint;
		};
/* End PBXContainerItemProxy section */

/* Begin PBXFileReference section */
		29711A5317F6FDFF00B38CB7 /* SettingsStoryboard_iPad.storyboard */ = {isa = PBXFileReference; fileEncoding = 4; lastKnownFileType = file.storyboard; name = SettingsStoryboard_iPad.storyboard; path = Storyboards/SettingsStoryboard_iPad.storyboard; sourceTree = "<group>"; };
		29711A5417F6FDFF00B38CB7 /* SettingsStoryboard_iPhone.storyboard */ = {isa = PBXFileReference; fileEncoding = 4; lastKnownFileType = file.storyboard; name = SettingsStoryboard_iPhone.storyboard; path = Storyboards/SettingsStoryboard_iPhone.storyboard; sourceTree = "<group>"; };
		29711A5517F6FDFF00B38CB7 /* TableLayoutStoryboard_iPad.storyboard */ = {isa = PBXFileReference; fileEncoding = 4; lastKnownFileType = file.storyboard; name = TableLayoutStoryboard_iPad.storyboard; path = Storyboards/TableLayoutStoryboard_iPad.storyboard; sourceTree = "<group>"; };
		29711A5617F6FDFF00B38CB7 /* TableLayoutStoryboard_iPhone.storyboard */ = {isa = PBXFileReference; fileEncoding = 4; lastKnownFileType = file.storyboard; name = TableLayoutStoryboard_iPhone.storyboard; path = Storyboards/TableLayoutStoryboard_iPhone.storyboard; sourceTree = "<group>"; };
		29836F7A179A8786005FA48C /* AVFoundation.framework */ = {isa = PBXFileReference; lastKnownFileType = wrapper.framework; name = AVFoundation.framework; path = System/Library/Frameworks/AVFoundation.framework; sourceTree = SDKROOT; };
		29836F7C179A879D005FA48C /* CoreMedia.framework */ = {isa = PBXFileReference; lastKnownFileType = wrapper.framework; name = CoreMedia.framework; path = System/Library/Frameworks/CoreMedia.framework; sourceTree = SDKROOT; };
		29836F7E179A87A8005FA48C /* CoreVideo.framework */ = {isa = PBXFileReference; lastKnownFileType = wrapper.framework; name = CoreVideo.framework; path = System/Library/Frameworks/CoreVideo.framework; sourceTree = SDKROOT; };
		29836F80179A87B1005FA48C /* QuartzCore.framework */ = {isa = PBXFileReference; lastKnownFileType = wrapper.framework; name = QuartzCore.framework; path = System/Library/Frameworks/QuartzCore.framework; sourceTree = SDKROOT; };
		29836F82179A87C5005FA48C /* libiconv.dylib */ = {isa = PBXFileReference; lastKnownFileType = "compiled.mach-o.dylib"; name = libiconv.dylib; path = usr/lib/libiconv.dylib; sourceTree = SDKROOT; };
		29836FB6179ABBA0005FA48C /* settingsViewController.h */ = {isa = PBXFileReference; fileEncoding = 4; lastKnownFileType = sourcecode.c.h; name = settingsViewController.h; path = Controllers/Settings/settingsViewController.h; sourceTree = "<group>"; };
		29836FB7179ABBA0005FA48C /* settingsViewController.m */ = {isa = PBXFileReference; fileEncoding = 4; lastKnownFileType = sourcecode.c.objc; name = settingsViewController.m; path = Controllers/Settings/settingsViewController.m; sourceTree = "<group>"; };
		29836FBC179B2539005FA48C /* Settings.bundle */ = {isa = PBXFileReference; lastKnownFileType = "wrapper.plug-in"; path = Settings.bundle; sourceTree = "<group>"; };
		29853FB117ACFF8700129662 /* Security.framework */ = {isa = PBXFileReference; lastKnownFileType = wrapper.framework; name = Security.framework; path = System/Library/Frameworks/Security.framework; sourceTree = SDKROOT; };
		29853FB817AD0C6300129662 /* ISColorWheel.h */ = {isa = PBXFileReference; fileEncoding = 4; lastKnownFileType = sourcecode.c.h; path = ISColorWheel.h; sourceTree = "<group>"; };
		29853FB917AD0C6300129662 /* ISColorWheel.m */ = {isa = PBXFileReference; fileEncoding = 4; lastKnownFileType = sourcecode.c.objc; path = ISColorWheel.m; sourceTree = "<group>"; };
		2993BEE417F1B00600406F8E /* DataManager.h */ = {isa = PBXFileReference; fileEncoding = 4; lastKnownFileType = sourcecode.c.h; name = DataManager.h; path = DataModel/DataManager.h; sourceTree = "<group>"; };
		2993BEE517F1B00600406F8E /* DataManager.m */ = {isa = PBXFileReference; fileEncoding = 4; lastKnownFileType = sourcecode.c.objc; name = DataManager.m; path = DataModel/DataManager.m; sourceTree = "<group>"; };
		2993BEEB17F1B3A200406F8E /* Appliance.h */ = {isa = PBXFileReference; fileEncoding = 4; lastKnownFileType = sourcecode.c.h; name = Appliance.h; path = DataModel/Appliance.h; sourceTree = "<group>"; };
		2993BEEC17F1B3A200406F8E /* Appliance.m */ = {isa = PBXFileReference; fileEncoding = 4; lastKnownFileType = sourcecode.c.objc; name = Appliance.m; path = DataModel/Appliance.m; sourceTree = "<group>"; };
		2993BEEF17F1B9FB00406F8E /* Light.h */ = {isa = PBXFileReference; fileEncoding = 4; lastKnownFileType = sourcecode.c.h; name = Light.h; path = DataModel/Appliances/Light.h; sourceTree = "<group>"; };
		2993BEF017F1B9FB00406F8E /* Light.m */ = {isa = PBXFileReference; fileEncoding = 4; lastKnownFileType = sourcecode.c.objc; name = Light.m; path = DataModel/Appliances/Light.m; sourceTree = "<group>"; };
		2993BEF517F1BA8700406F8E /* Temperature.h */ = {isa = PBXFileReference; fileEncoding = 4; lastKnownFileType = sourcecode.c.h; name = Temperature.h; path = DataModel/Appliances/Temperature.h; sourceTree = "<group>"; };
		2993BEF617F1BA8700406F8E /* Temperature.m */ = {isa = PBXFileReference; fileEncoding = 4; lastKnownFileType = sourcecode.c.objc; name = Temperature.m; path = DataModel/Appliances/Temperature.m; sourceTree = "<group>"; };
		2993BEFB17F1BCE900406F8E /* AppliancesInclude.h */ = {isa = PBXFileReference; lastKnownFileType = sourcecode.c.h; name = AppliancesInclude.h; path = DataModel/Appliances/AppliancesInclude.h; sourceTree = "<group>"; };
		2993BEFC17F1C79B00406F8E /* Room.h */ = {isa = PBXFileReference; fileEncoding = 4; lastKnownFileType = sourcecode.c.h; name = Room.h; path = DataModel/Room.h; sourceTree = "<group>"; };
		2993BEFD17F1C79B00406F8E /* Room.m */ = {isa = PBXFileReference; fileEncoding = 4; lastKnownFileType = sourcecode.c.objc; name = Room.m; path = DataModel/Room.m; sourceTree = "<group>"; };
		2993BEFF17F1C7B700406F8E /* Area.h */ = {isa = PBXFileReference; fileEncoding = 4; lastKnownFileType = sourcecode.c.h; name = Area.h; path = DataModel/Area.h; sourceTree = "<group>"; };
		2993BF0017F1C7B700406F8E /* Area.m */ = {isa = PBXFileReference; fileEncoding = 4; lastKnownFileType = sourcecode.c.objc; name = Area.m; path = DataModel/Area.m; sourceTree = "<group>"; };
		2993BF0217F1CED600406F8E /* Louver.h */ = {isa = PBXFileReference; fileEncoding = 4; lastKnownFileType = sourcecode.c.h; name = Louver.h; path = DataModel/Appliances/Louver.h; sourceTree = "<group>"; };
		2993BF0317F1CED600406F8E /* Louver.m */ = {isa = PBXFileReference; fileEncoding = 4; lastKnownFileType = sourcecode.c.objc; name = Louver.m; path = DataModel/Appliances/Louver.m; sourceTree = "<group>"; };
		2993BF0517F1CEE900406F8E /* Irrigation.h */ = {isa = PBXFileReference; fileEncoding = 4; lastKnownFileType = sourcecode.c.h; name = Irrigation.h; path = DataModel/Appliances/Irrigation.h; sourceTree = "<group>"; };
		2993BF0617F1CEE900406F8E /* Irrigation.m */ = {isa = PBXFileReference; fileEncoding = 4; lastKnownFileType = sourcecode.c.objc; name = Irrigation.m; path = DataModel/Appliances/Irrigation.m; sourceTree = "<group>"; };
		2993BF0817F45AF500406F8E /* ApplianceDetailProtocol.h */ = {isa = PBXFileReference; lastKnownFileType = sourcecode.c.h; name = ApplianceDetailProtocol.h; path = DataModel/ApplianceDetailProtocol.h; sourceTree = "<group>"; };
		2993BF0917F46BB200406F8E /* TemperatureDetailViewController.h */ = {isa = PBXFileReference; fileEncoding = 4; lastKnownFileType = sourcecode.c.h; name = TemperatureDetailViewController.h; path = Controllers/Shared/TemperatureDetailViewController.h; sourceTree = "<group>"; };
		2993BF0A17F46BB200406F8E /* TemperatureDetailViewController.m */ = {isa = PBXFileReference; fileEncoding = 4; lastKnownFileType = sourcecode.c.objc; name = TemperatureDetailViewController.m; path = Controllers/Shared/TemperatureDetailViewController.m; sourceTree = "<group>"; };
		2993BF0F17F58D6900406F8E /* Bulb_Off_Cell@2x.png */ = {isa = PBXFileReference; lastKnownFileType = image.png; name = "Bulb_Off_Cell@2x.png"; path = "Resources/Bulb_Off_Cell@2x.png"; sourceTree = "<group>"; };
		2993BF5A17F5996A00406F8E /* AreasTableViewController.h */ = {isa = PBXFileReference; fileEncoding = 4; lastKnownFileType = sourcecode.c.h; name = AreasTableViewController.h; path = Controllers/TableLayout/iPhone/AreasTableViewController.h; sourceTree = "<group>"; };
		2993BF5B17F5996A00406F8E /* AreasTableViewController.m */ = {isa = PBXFileReference; fileEncoding = 4; lastKnownFileType = sourcecode.c.objc; name = AreasTableViewController.m; path = Controllers/TableLayout/iPhone/AreasTableViewController.m; sourceTree = "<group>"; };
		2993BF6017F59B5C00406F8E /* AppliancesTableViewController.h */ = {isa = PBXFileReference; fileEncoding = 4; lastKnownFileType = sourcecode.c.h; name = AppliancesTableViewController.h; path = Controllers/TableLayout/iPhone/AppliancesTableViewController.h; sourceTree = "<group>"; };
		2993BF6117F59B5C00406F8E /* AppliancesTableViewController.m */ = {isa = PBXFileReference; fileEncoding = 4; lastKnownFileType = sourcecode.c.objc; name = AppliancesTableViewController.m; path = Controllers/TableLayout/iPhone/AppliancesTableViewController.m; sourceTree = "<group>"; };
		2993BF6617F5AB0700406F8E /* FilteredAppliancesTableViewController.h */ = {isa = PBXFileReference; fileEncoding = 4; lastKnownFileType = sourcecode.c.h; name = FilteredAppliancesTableViewController.h; path = Controllers/TableLayout/iPhone/FilteredAppliancesTableViewController.h; sourceTree = "<group>"; };
		2993BF6717F5AB0700406F8E /* FilteredAppliancesTableViewController.m */ = {isa = PBXFileReference; fileEncoding = 4; lastKnownFileType = sourcecode.c.objc; name = FilteredAppliancesTableViewController.m; path = Controllers/TableLayout/iPhone/FilteredAppliancesTableViewController.m; sourceTree = "<group>"; };
		2993BF6917F5BA2400406F8E /* shp_logo-01.png */ = {isa = PBXFileReference; lastKnownFileType = image.png; name = "shp_logo-01.png"; path = "../../../graphics/shp_logo-01.png"; sourceTree = "<group>"; };
		2993BF6B17F5BA5400406F8E /* Bulb_Cell@2x.png */ = {isa = PBXFileReference; lastKnownFileType = image.png; name = "Bulb_Cell@2x.png"; path = "Resources/Bulb_Cell@2x.png"; sourceTree = "<group>"; };
		29978E3617F0627F00C2511C /* en */ = {isa = PBXFileReference; lastKnownFileType = text.plist.xml; name = en; path = "en.lproj/SmartHomePoint-Info.plist"; sourceTree = "<group>"; };
		29978E3817F0628600C2511C /* cs */ = {isa = PBXFileReference; lastKnownFileType = text.plist.xml; name = cs; path = "cs.lproj/SmartHomePoint-Info.plist"; sourceTree = "<group>"; };
		2997BE4117FC668700A9BE87 /* DataProviderProtocol.h */ = {isa = PBXFileReference; lastKnownFileType = sourcecode.c.h; name = DataProviderProtocol.h; path = DataModel/DataProviderProtocol.h; sourceTree = "<group>"; };
		2997BE4217FC66D400A9BE87 /* UserGridDataProvider.h */ = {isa = PBXFileReference; fileEncoding = 4; lastKnownFileType = sourcecode.c.h; name = UserGridDataProvider.h; path = DataModel/UserGridDataProvider.h; sourceTree = "<group>"; };
		2997BE4317FC66D400A9BE87 /* UserGridDataProvider.m */ = {isa = PBXFileReference; fileEncoding = 4; lastKnownFileType = sourcecode.c.objc; name = UserGridDataProvider.m; path = DataModel/UserGridDataProvider.m; sourceTree = "<group>"; };
		2997BE4517FC765E00A9BE87 /* Red_dot.png */ = {isa = PBXFileReference; lastKnownFileType = image.png; path = Red_dot.png; sourceTree = "<group>"; };
		29A7728018F535E6002EB5EF /* TableLayoutSplitViewController.h */ = {isa = PBXFileReference; fileEncoding = 4; lastKnownFileType = sourcecode.c.h; name = TableLayoutSplitViewController.h; path = Controllers/TableLayout/iPad/TableLayoutSplitViewController.h; sourceTree = "<group>"; };
		29A7728118F535E6002EB5EF /* TableLayoutSplitViewController.m */ = {isa = PBXFileReference; fileEncoding = 4; lastKnownFileType = sourcecode.c.objc; name = TableLayoutSplitViewController.m; path = Controllers/TableLayout/iPad/TableLayoutSplitViewController.m; sourceTree = "<group>"; };
		29A7728318F5375C002EB5EF /* TableLayoutMasterTableViewController.h */ = {isa = PBXFileReference; fileEncoding = 4; lastKnownFileType = sourcecode.c.h; name = TableLayoutMasterTableViewController.h; path = Controllers/TableLayout/iPad/TableLayoutMasterTableViewController.h; sourceTree = "<group>"; };
		29A7728418F5375C002EB5EF /* TableLayoutMasterTableViewController.m */ = {isa = PBXFileReference; fileEncoding = 4; lastKnownFileType = sourcecode.c.objc; name = TableLayoutMasterTableViewController.m; path = Controllers/TableLayout/iPad/TableLayoutMasterTableViewController.m; sourceTree = "<group>"; };
		29A7728618F55250002EB5EF /* TableLayoutMasterDetailProtocol.h */ = {isa = PBXFileReference; lastKnownFileType = sourcecode.c.h; name = TableLayoutMasterDetailProtocol.h; path = Controllers/TableLayout/iPad/TableLayoutMasterDetailProtocol.h; sourceTree = "<group>"; };
		29C74CA21795DDD80092708D /* SmartHomePoint.app */ = {isa = PBXFileReference; explicitFileType = wrapper.application; includeInIndex = 0; path = SmartHomePoint.app; sourceTree = BUILT_PRODUCTS_DIR; };
		29C74CA51795DDD80092708D /* UIKit.framework */ = {isa = PBXFileReference; lastKnownFileType = wrapper.framework; name = UIKit.framework; path = System/Library/Frameworks/UIKit.framework; sourceTree = SDKROOT; };
		29C74CA71795DDD80092708D /* Foundation.framework */ = {isa = PBXFileReference; lastKnownFileType = wrapper.framework; name = Foundation.framework; path = System/Library/Frameworks/Foundation.framework; sourceTree = SDKROOT; };
		29C74CA91795DDD80092708D /* CoreGraphics.framework */ = {isa = PBXFileReference; lastKnownFileType = wrapper.framework; name = CoreGraphics.framework; path = System/Library/Frameworks/CoreGraphics.framework; sourceTree = SDKROOT; };
		29C74CAF1795DDD80092708D /* en */ = {isa = PBXFileReference; lastKnownFileType = text.plist.strings; name = en; path = en.lproj/InfoPlist.strings; sourceTree = "<group>"; };
		29C74CB11795DDD80092708D /* main.m */ = {isa = PBXFileReference; lastKnownFileType = sourcecode.c.objc; path = main.m; sourceTree = "<group>"; };
		29C74CB31795DDD80092708D /* SmartHomePoint-Prefix.pch */ = {isa = PBXFileReference; lastKnownFileType = sourcecode.c.h; path = "SmartHomePoint-Prefix.pch"; sourceTree = "<group>"; };
		29C74CB41795DDD80092708D /* uhkAppDelegate.h */ = {isa = PBXFileReference; lastKnownFileType = sourcecode.c.h; path = uhkAppDelegate.h; sourceTree = "<group>"; };
		29C74CB51795DDD80092708D /* uhkAppDelegate.m */ = {isa = PBXFileReference; lastKnownFileType = sourcecode.c.objc; path = uhkAppDelegate.m; sourceTree = "<group>"; };
		29C74CB71795DDD80092708D /* Default.png */ = {isa = PBXFileReference; lastKnownFileType = image.png; path = Default.png; sourceTree = "<group>"; };
		29C74CB91795DDD80092708D /* Default@2x.png */ = {isa = PBXFileReference; lastKnownFileType = image.png; path = "Default@2x.png"; sourceTree = "<group>"; };
		29C74CBB1795DDD80092708D /* Default-568h@2x.png */ = {isa = PBXFileReference; lastKnownFileType = image.png; path = "Default-568h@2x.png"; sourceTree = "<group>"; };
		29C74CCB1795DDD90092708D /* SmartHomePointTests.xctest */ = {isa = PBXFileReference; explicitFileType = wrapper.cfbundle; includeInIndex = 0; path = SmartHomePointTests.xctest; sourceTree = BUILT_PRODUCTS_DIR; };
		29C74CD41795DDD90092708D /* SmartHomePointTests-Info.plist */ = {isa = PBXFileReference; lastKnownFileType = text.plist.xml; path = "SmartHomePointTests-Info.plist"; sourceTree = "<group>"; };
		29C74CD61795DDD90092708D /* en */ = {isa = PBXFileReference; lastKnownFileType = text.plist.strings; name = en; path = en.lproj/InfoPlist.strings; sourceTree = "<group>"; };
		29C74CD81795DDD90092708D /* SmartHomePointTests.h */ = {isa = PBXFileReference; lastKnownFileType = sourcecode.c.h; path = SmartHomePointTests.h; sourceTree = "<group>"; };
		29C74CD91795DDD90092708D /* SmartHomePointTests.m */ = {isa = PBXFileReference; lastKnownFileType = sourcecode.c.objc; path = SmartHomePointTests.m; sourceTree = "<group>"; };
		29DDC30818F3D9C1009C6639 /* Decoder.h */ = {isa = PBXFileReference; fileEncoding = 4; lastKnownFileType = sourcecode.c.h; path = Decoder.h; sourceTree = "<group>"; };
		29DDC30918F3D9C1009C6639 /* Exception.h */ = {isa = PBXFileReference; fileEncoding = 4; lastKnownFileType = sourcecode.c.h; path = Exception.h; sourceTree = "<group>"; };
		29DDC30A18F3D9C1009C6639 /* Image.h */ = {isa = PBXFileReference; fileEncoding = 4; lastKnownFileType = sourcecode.c.h; path = Image.h; sourceTree = "<group>"; };
		29DDC30B18F3D9C1009C6639 /* ImageScanner.h */ = {isa = PBXFileReference; fileEncoding = 4; lastKnownFileType = sourcecode.c.h; path = ImageScanner.h; sourceTree = "<group>"; };
		29DDC30C18F3D9C1009C6639 /* Processor.h */ = {isa = PBXFileReference; fileEncoding = 4; lastKnownFileType = sourcecode.c.h; path = Processor.h; sourceTree = "<group>"; };
		29DDC30D18F3D9C1009C6639 /* Scanner.h */ = {isa = PBXFileReference; fileEncoding = 4; lastKnownFileType = sourcecode.c.h; path = Scanner.h; sourceTree = "<group>"; };
		29DDC30E18F3D9C1009C6639 /* Symbol.h */ = {isa = PBXFileReference; fileEncoding = 4; lastKnownFileType = sourcecode.c.h; path = Symbol.h; sourceTree = "<group>"; };
		29DDC30F18F3D9C1009C6639 /* Video.h */ = {isa = PBXFileReference; fileEncoding = 4; lastKnownFileType = sourcecode.c.h; path = Video.h; sourceTree = "<group>"; };
		29DDC31018F3D9C1009C6639 /* Window.h */ = {isa = PBXFileReference; fileEncoding = 4; lastKnownFileType = sourcecode.c.h; path = Window.h; sourceTree = "<group>"; };
		29DDC31118F3D9C1009C6639 /* zbar.h */ = {isa = PBXFileReference; fileEncoding = 4; lastKnownFileType = sourcecode.c.h; path = zbar.h; sourceTree = "<group>"; };
		29DDC31218F3D9C1009C6639 /* ZBarCameraSimulator.h */ = {isa = PBXFileReference; fileEncoding = 4; lastKnownFileType = sourcecode.c.h; path = ZBarCameraSimulator.h; sourceTree = "<group>"; };
		29DDC31318F3D9C1009C6639 /* ZBarCaptureReader.h */ = {isa = PBXFileReference; fileEncoding = 4; lastKnownFileType = sourcecode.c.h; path = ZBarCaptureReader.h; sourceTree = "<group>"; };
		29DDC31418F3D9C1009C6639 /* ZBarHelpController.h */ = {isa = PBXFileReference; fileEncoding = 4; lastKnownFileType = sourcecode.c.h; path = ZBarHelpController.h; sourceTree = "<group>"; };
		29DDC31518F3D9C1009C6639 /* ZBarImage.h */ = {isa = PBXFileReference; fileEncoding = 4; lastKnownFileType = sourcecode.c.h; path = ZBarImage.h; sourceTree = "<group>"; };
		29DDC31618F3D9C1009C6639 /* ZBarImageScanner.h */ = {isa = PBXFileReference; fileEncoding = 4; lastKnownFileType = sourcecode.c.h; path = ZBarImageScanner.h; sourceTree = "<group>"; };
		29DDC31718F3D9C1009C6639 /* ZBarReaderController.h */ = {isa = PBXFileReference; fileEncoding = 4; lastKnownFileType = sourcecode.c.h; path = ZBarReaderController.h; sourceTree = "<group>"; };
		29DDC31818F3D9C1009C6639 /* ZBarReaderView.h */ = {isa = PBXFileReference; fileEncoding = 4; lastKnownFileType = sourcecode.c.h; path = ZBarReaderView.h; sourceTree = "<group>"; };
		29DDC31918F3D9C1009C6639 /* ZBarReaderViewController.h */ = {isa = PBXFileReference; fileEncoding = 4; lastKnownFileType = sourcecode.c.h; path = ZBarReaderViewController.h; sourceTree = "<group>"; };
		29DDC31A18F3D9C1009C6639 /* ZBarSDK.h */ = {isa = PBXFileReference; fileEncoding = 4; lastKnownFileType = sourcecode.c.h; path = ZBarSDK.h; sourceTree = "<group>"; };
		29DDC31B18F3D9C1009C6639 /* ZBarSymbol.h */ = {isa = PBXFileReference; fileEncoding = 4; lastKnownFileType = sourcecode.c.h; path = ZBarSymbol.h; sourceTree = "<group>"; };
		29DDC31C18F3D9C1009C6639 /* libzbar.a */ = {isa = PBXFileReference; lastKnownFileType = archive.ar; path = libzbar.a; sourceTree = "<group>"; };
		29DDC31E18F3D9C1009C6639 /* zbar-back.png */ = {isa = PBXFileReference; lastKnownFileType = image.png; path = "zbar-back.png"; sourceTree = "<group>"; };
		29DDC31F18F3D9C1009C6639 /* zbar-help.html */ = {isa = PBXFileReference; fileEncoding = 4; lastKnownFileType = text.html; path = "zbar-help.html"; sourceTree = "<group>"; };
		29DDC32018F3D9C1009C6639 /* zbar-helpicons.png */ = {isa = PBXFileReference; lastKnownFileType = image.png; path = "zbar-helpicons.png"; sourceTree = "<group>"; };
		29DDC32118F3D9C1009C6639 /* zbar-samples.png */ = {isa = PBXFileReference; lastKnownFileType = image.png; path = "zbar-samples.png"; sourceTree = "<group>"; };
		29DDC32918F3DA78009C6639 /* NSObject+SBJson.h */ = {isa = PBXFileReference; fileEncoding = 4; lastKnownFileType = sourcecode.c.h; path = "NSObject+SBJson.h"; sourceTree = "<group>"; };
		29DDC32A18F3DA78009C6639 /* NSObject+SBJson.m */ = {isa = PBXFileReference; fileEncoding = 4; lastKnownFileType = sourcecode.c.objc; path = "NSObject+SBJson.m"; sourceTree = "<group>"; };
		29DDC32B18F3DA78009C6639 /* SBJson.h */ = {isa = PBXFileReference; fileEncoding = 4; lastKnownFileType = sourcecode.c.h; path = SBJson.h; sourceTree = "<group>"; };
		29DDC32C18F3DA78009C6639 /* SBJsonParser.h */ = {isa = PBXFileReference; fileEncoding = 4; lastKnownFileType = sourcecode.c.h; path = SBJsonParser.h; sourceTree = "<group>"; };
		29DDC32D18F3DA78009C6639 /* SBJsonParser.m */ = {isa = PBXFileReference; fileEncoding = 4; lastKnownFileType = sourcecode.c.objc; path = SBJsonParser.m; sourceTree = "<group>"; };
		29DDC32E18F3DA78009C6639 /* SBJsonStreamParser.h */ = {isa = PBXFileReference; fileEncoding = 4; lastKnownFileType = sourcecode.c.h; path = SBJsonStreamParser.h; sourceTree = "<group>"; };
		29DDC32F18F3DA78009C6639 /* SBJsonStreamParser.m */ = {isa = PBXFileReference; fileEncoding = 4; lastKnownFileType = sourcecode.c.objc; path = SBJsonStreamParser.m; sourceTree = "<group>"; };
		29DDC33018F3DA78009C6639 /* SBJsonStreamParserAccumulator.h */ = {isa = PBXFileReference; fileEncoding = 4; lastKnownFileType = sourcecode.c.h; path = SBJsonStreamParserAccumulator.h; sourceTree = "<group>"; };
		29DDC33118F3DA78009C6639 /* SBJsonStreamParserAccumulator.m */ = {isa = PBXFileReference; fileEncoding = 4; lastKnownFileType = sourcecode.c.objc; path = SBJsonStreamParserAccumulator.m; sourceTree = "<group>"; };
		29DDC33218F3DA78009C6639 /* SBJsonStreamParserAdapter.h */ = {isa = PBXFileReference; fileEncoding = 4; lastKnownFileType = sourcecode.c.h; path = SBJsonStreamParserAdapter.h; sourceTree = "<group>"; };
		29DDC33318F3DA78009C6639 /* SBJsonStreamParserAdapter.m */ = {isa = PBXFileReference; fileEncoding = 4; lastKnownFileType = sourcecode.c.objc; path = SBJsonStreamParserAdapter.m; sourceTree = "<group>"; };
		29DDC33418F3DA78009C6639 /* SBJsonStreamParserState.h */ = {isa = PBXFileReference; fileEncoding = 4; lastKnownFileType = sourcecode.c.h; path = SBJsonStreamParserState.h; sourceTree = "<group>"; };
		29DDC33518F3DA78009C6639 /* SBJsonStreamParserState.m */ = {isa = PBXFileReference; fileEncoding = 4; lastKnownFileType = sourcecode.c.objc; path = SBJsonStreamParserState.m; sourceTree = "<group>"; };
		29DDC33618F3DA78009C6639 /* SBJsonStreamWriter.h */ = {isa = PBXFileReference; fileEncoding = 4; lastKnownFileType = sourcecode.c.h; path = SBJsonStreamWriter.h; sourceTree = "<group>"; };
		29DDC33718F3DA78009C6639 /* SBJsonStreamWriter.m */ = {isa = PBXFileReference; fileEncoding = 4; lastKnownFileType = sourcecode.c.objc; path = SBJsonStreamWriter.m; sourceTree = "<group>"; };
		29DDC33818F3DA78009C6639 /* SBJsonStreamWriterAccumulator.h */ = {isa = PBXFileReference; fileEncoding = 4; lastKnownFileType = sourcecode.c.h; path = SBJsonStreamWriterAccumulator.h; sourceTree = "<group>"; };
		29DDC33918F3DA78009C6639 /* SBJsonStreamWriterAccumulator.m */ = {isa = PBXFileReference; fileEncoding = 4; lastKnownFileType = sourcecode.c.objc; path = SBJsonStreamWriterAccumulator.m; sourceTree = "<group>"; };
		29DDC33A18F3DA78009C6639 /* SBJsonStreamWriterState.h */ = {isa = PBXFileReference; fileEncoding = 4; lastKnownFileType = sourcecode.c.h; path = SBJsonStreamWriterState.h; sourceTree = "<group>"; };
		29DDC33B18F3DA78009C6639 /* SBJsonStreamWriterState.m */ = {isa = PBXFileReference; fileEncoding = 4; lastKnownFileType = sourcecode.c.objc; path = SBJsonStreamWriterState.m; sourceTree = "<group>"; };
		29DDC33C18F3DA78009C6639 /* SBJsonTokeniser.h */ = {isa = PBXFileReference; fileEncoding = 4; lastKnownFileType = sourcecode.c.h; path = SBJsonTokeniser.h; sourceTree = "<group>"; };
		29DDC33D18F3DA78009C6639 /* SBJsonTokeniser.m */ = {isa = PBXFileReference; fileEncoding = 4; lastKnownFileType = sourcecode.c.objc; path = SBJsonTokeniser.m; sourceTree = "<group>"; };
		29DDC33E18F3DA78009C6639 /* SBJsonUTF8Stream.h */ = {isa = PBXFileReference; fileEncoding = 4; lastKnownFileType = sourcecode.c.h; path = SBJsonUTF8Stream.h; sourceTree = "<group>"; };
		29DDC33F18F3DA78009C6639 /* SBJsonUTF8Stream.m */ = {isa = PBXFileReference; fileEncoding = 4; lastKnownFileType = sourcecode.c.objc; path = SBJsonUTF8Stream.m; sourceTree = "<group>"; };
		29DDC34018F3DA78009C6639 /* SBJsonWriter.h */ = {isa = PBXFileReference; fileEncoding = 4; lastKnownFileType = sourcecode.c.h; path = SBJsonWriter.h; sourceTree = "<group>"; };
		29DDC34118F3DA78009C6639 /* SBJsonWriter.m */ = {isa = PBXFileReference; fileEncoding = 4; lastKnownFileType = sourcecode.c.objc; path = SBJsonWriter.m; sourceTree = "<group>"; };
		29DDC34218F3DA78009C6639 /* SSKeychain.h */ = {isa = PBXFileReference; fileEncoding = 4; lastKnownFileType = sourcecode.c.h; path = SSKeychain.h; sourceTree = "<group>"; };
		29DDC34318F3DA78009C6639 /* SSKeychain.m */ = {isa = PBXFileReference; fileEncoding = 4; lastKnownFileType = sourcecode.c.objc; path = SSKeychain.m; sourceTree = "<group>"; };
		29DDC34418F3DA78009C6639 /* UGActivity.h */ = {isa = PBXFileReference; fileEncoding = 4; lastKnownFileType = sourcecode.c.h; path = UGActivity.h; sourceTree = "<group>"; };
		29DDC34518F3DA78009C6639 /* UGActivity.m */ = {isa = PBXFileReference; fileEncoding = 4; lastKnownFileType = sourcecode.c.objc; path = UGActivity.m; sourceTree = "<group>"; };
		29DDC34618F3DA78009C6639 /* UGClient.h */ = {isa = PBXFileReference; fileEncoding = 4; lastKnownFileType = sourcecode.c.h; path = UGClient.h; sourceTree = "<group>"; };
		29DDC34718F3DA78009C6639 /* UGClient.m */ = {isa = PBXFileReference; fileEncoding = 4; lastKnownFileType = sourcecode.c.objc; path = UGClient.m; sourceTree = "<group>"; };
		29DDC34818F3DA78009C6639 /* UGClientDelegate.h */ = {isa = PBXFileReference; fileEncoding = 4; lastKnownFileType = sourcecode.c.h; path = UGClientDelegate.h; sourceTree = "<group>"; };
		29DDC34918F3DA78009C6639 /* UGClientResponse.h */ = {isa = PBXFileReference; fileEncoding = 4; lastKnownFileType = sourcecode.c.h; path = UGClientResponse.h; sourceTree = "<group>"; };
		29DDC34A18F3DA78009C6639 /* UGClientResponse.m */ = {isa = PBXFileReference; fileEncoding = 4; lastKnownFileType = sourcecode.c.objc; path = UGClientResponse.m; sourceTree = "<group>"; };
		29DDC34B18F3DA78009C6639 /* UGHTTPManager.h */ = {isa = PBXFileReference; fileEncoding = 4; lastKnownFileType = sourcecode.c.h; path = UGHTTPManager.h; sourceTree = "<group>"; };
		29DDC34C18F3DA78009C6639 /* UGHTTPManager.m */ = {isa = PBXFileReference; fileEncoding = 4; lastKnownFileType = sourcecode.c.objc; path = UGHTTPManager.m; sourceTree = "<group>"; };
		29DDC34D18F3DA78009C6639 /* UGMultiStepAction.h */ = {isa = PBXFileReference; fileEncoding = 4; lastKnownFileType = sourcecode.c.h; path = UGMultiStepAction.h; sourceTree = "<group>"; };
		29DDC34E18F3DA78009C6639 /* UGMultiStepAction.m */ = {isa = PBXFileReference; fileEncoding = 4; lastKnownFileType = sourcecode.c.objc; path = UGMultiStepAction.m; sourceTree = "<group>"; };
		29DDC34F18F3DA78009C6639 /* UGQuery.h */ = {isa = PBXFileReference; fileEncoding = 4; lastKnownFileType = sourcecode.c.h; path = UGQuery.h; sourceTree = "<group>"; };
		29DDC35018F3DA78009C6639 /* UGQuery.m */ = {isa = PBXFileReference; fileEncoding = 4; lastKnownFileType = sourcecode.c.objc; path = UGQuery.m; sourceTree = "<group>"; };
		29DDC35118F3DA78009C6639 /* UGUser.h */ = {isa = PBXFileReference; fileEncoding = 4; lastKnownFileType = sourcecode.c.h; path = UGUser.h; sourceTree = "<group>"; };
		29DDC35218F3DA78009C6639 /* UGUser.m */ = {isa = PBXFileReference; fileEncoding = 4; lastKnownFileType = sourcecode.c.objc; path = UGUser.m; sourceTree = "<group>"; };
		29DDC35418F3DA78009C6639 /* UGConnection.h */ = {isa = PBXFileReference; fileEncoding = 4; lastKnownFileType = sourcecode.c.h; path = UGConnection.h; sourceTree = "<group>"; };
		29DDC35518F3DA78009C6639 /* UGConnection.m */ = {isa = PBXFileReference; fileEncoding = 4; lastKnownFileType = sourcecode.c.objc; path = UGConnection.m; sourceTree = "<group>"; };
		29DDC35618F3DA78009C6639 /* UGHTTPClient.h */ = {isa = PBXFileReference; fileEncoding = 4; lastKnownFileType = sourcecode.c.h; path = UGHTTPClient.h; sourceTree = "<group>"; };
		29DDC35718F3DA78009C6639 /* UGHTTPClient.m */ = {isa = PBXFileReference; fileEncoding = 4; lastKnownFileType = sourcecode.c.objc; path = UGHTTPClient.m; sourceTree = "<group>"; };
		29DDC35818F3DA78009C6639 /* UGHTTPHelpers.h */ = {isa = PBXFileReference; fileEncoding = 4; lastKnownFileType = sourcecode.c.h; path = UGHTTPHelpers.h; sourceTree = "<group>"; };
		29DDC35918F3DA78009C6639 /* UGHTTPHelpers.m */ = {isa = PBXFileReference; fileEncoding = 4; lastKnownFileType = sourcecode.c.objc; path = UGHTTPHelpers.m; sourceTree = "<group>"; };
		29DDC35A18F3DA78009C6639 /* UGHTTPResult.h */ = {isa = PBXFileReference; fileEncoding = 4; lastKnownFileType = sourcecode.c.h; path = UGHTTPResult.h; sourceTree = "<group>"; };
		29DDC35B18F3DA78009C6639 /* UGHTTPResult.m */ = {isa = PBXFileReference; fileEncoding = 4; lastKnownFileType = sourcecode.c.objc; path = UGHTTPResult.m; sourceTree = "<group>"; };
		29F94A1317EF82AE00BFEE9D /* LightDetailViewController.h */ = {isa = PBXFileReference; fileEncoding = 4; lastKnownFileType = sourcecode.c.h; name = LightDetailViewController.h; path = Controllers/Shared/LightDetailViewController.h; sourceTree = "<group>"; };
		29F94A1417EF82AE00BFEE9D /* LightDetailViewController.m */ = {isa = PBXFileReference; fileEncoding = 4; lastKnownFileType = sourcecode.c.objc; name = LightDetailViewController.m; path = Controllers/Shared/LightDetailViewController.m; sourceTree = "<group>"; };
		29F94A1A17EF894300BFEE9D /* cs */ = {isa = PBXFileReference; lastKnownFileType = text.plist.strings; name = cs; path = cs.lproj/InfoPlist.strings; sourceTree = "<group>"; };
		29F94A1B17EF894300BFEE9D /* cs */ = {isa = PBXFileReference; lastKnownFileType = text.plist.strings; name = cs; path = cs.lproj/InfoPlist.strings; sourceTree = "<group>"; };
		29F94A2117EF8A3300BFEE9D /* en */ = {isa = PBXFileReference; lastKnownFileType = text.plist.strings; name = en; path = en.lproj/Localizable.strings; sourceTree = "<group>"; };
		29F94A2317EF8A3800BFEE9D /* cs */ = {isa = PBXFileReference; lastKnownFileType = text.plist.strings; name = cs; path = cs.lproj/Localizable.strings; sourceTree = "<group>"; };
/* End PBXFileReference section */

/* Begin PBXFrameworksBuildPhase section */
		29C74C9F1795DDD80092708D /* Frameworks */ = {
			isa = PBXFrameworksBuildPhase;
			buildActionMask = 2147483647;
			files = (
				29853FB217ACFF8700129662 /* Security.framework in Frameworks */,
				29836F83179A87C5005FA48C /* libiconv.dylib in Frameworks */,
				29DDC32218F3D9C1009C6639 /* libzbar.a in Frameworks */,
				29836F81179A87B1005FA48C /* QuartzCore.framework in Frameworks */,
				29836F7F179A87A8005FA48C /* CoreVideo.framework in Frameworks */,
				29836F7D179A879D005FA48C /* CoreMedia.framework in Frameworks */,
				29836F7B179A8786005FA48C /* AVFoundation.framework in Frameworks */,
				29C74CA61795DDD80092708D /* UIKit.framework in Frameworks */,
				29C74CA81795DDD80092708D /* Foundation.framework in Frameworks */,
				29C74CAA1795DDD80092708D /* CoreGraphics.framework in Frameworks */,
			);
			runOnlyForDeploymentPostprocessing = 0;
		};
		29C74CC71795DDD90092708D /* Frameworks */ = {
			isa = PBXFrameworksBuildPhase;
			buildActionMask = 2147483647;
			files = (
				29C74CCE1795DDD90092708D /* UIKit.framework in Frameworks */,
				29C74CCF1795DDD90092708D /* Foundation.framework in Frameworks */,
			);
			runOnlyForDeploymentPostprocessing = 0;
		};
/* End PBXFrameworksBuildPhase section */

/* Begin PBXGroup section */
		29836FB4179ABA04005FA48C /* Controllers */ = {
			isa = PBXGroup;
			children = (
				29F94A1217EF823D00BFEE9D /* Shared */,
				29F94A0817EF07D100BFEE9D /* TableLayout */,
				29836FB5179ABA15005FA48C /* Settings */,
			);
			name = Controllers;
			sourceTree = "<group>";
		};
		29836FB5179ABA15005FA48C /* Settings */ = {
			isa = PBXGroup;
			children = (
				29836FB6179ABBA0005FA48C /* settingsViewController.h */,
				29836FB7179ABBA0005FA48C /* settingsViewController.m */,
			);
			name = Settings;
			sourceTree = "<group>";
		};
		29836FB9179ABBA8005FA48C /* Storyboards */ = {
			isa = PBXGroup;
			children = (
				29711A5317F6FDFF00B38CB7 /* SettingsStoryboard_iPad.storyboard */,
				29711A5417F6FDFF00B38CB7 /* SettingsStoryboard_iPhone.storyboard */,
				29711A5517F6FDFF00B38CB7 /* TableLayoutStoryboard_iPad.storyboard */,
				29711A5617F6FDFF00B38CB7 /* TableLayoutStoryboard_iPhone.storyboard */,
			);
			name = Storyboards;
			sourceTree = "<group>";
		};
		29853FB717AD0C6300129662 /* ISColorWheel */ = {
			isa = PBXGroup;
			children = (
				29853FB817AD0C6300129662 /* ISColorWheel.h */,
				29853FB917AD0C6300129662 /* ISColorWheel.m */,
			);
			path = ISColorWheel;
			sourceTree = "<group>";
		};
		2993BEE317F1AFBC00406F8E /* DataModel */ = {
			isa = PBXGroup;
			children = (
				2993BEEE17F1B9B900406F8E /* Appliances */,
				2993BEEB17F1B3A200406F8E /* Appliance.h */,
				2993BEEC17F1B3A200406F8E /* Appliance.m */,
				2993BF0817F45AF500406F8E /* ApplianceDetailProtocol.h */,
				2993BEFC17F1C79B00406F8E /* Room.h */,
				2993BEFD17F1C79B00406F8E /* Room.m */,
				2993BEFF17F1C7B700406F8E /* Area.h */,
				2993BF0017F1C7B700406F8E /* Area.m */,
				2993BEE417F1B00600406F8E /* DataManager.h */,
				2993BEE517F1B00600406F8E /* DataManager.m */,
				2997BE4117FC668700A9BE87 /* DataProviderProtocol.h */,
				2997BE4217FC66D400A9BE87 /* UserGridDataProvider.h */,
				2997BE4317FC66D400A9BE87 /* UserGridDataProvider.m */,
			);
			name = DataModel;
			sourceTree = "<group>";
		};
		2993BEEE17F1B9B900406F8E /* Appliances */ = {
			isa = PBXGroup;
			children = (
				2993BEFB17F1BCE900406F8E /* AppliancesInclude.h */,
				2993BEEF17F1B9FB00406F8E /* Light.h */,
				2993BEF017F1B9FB00406F8E /* Light.m */,
				2993BEF517F1BA8700406F8E /* Temperature.h */,
				2993BEF617F1BA8700406F8E /* Temperature.m */,
				2993BF0217F1CED600406F8E /* Louver.h */,
				2993BF0317F1CED600406F8E /* Louver.m */,
				2993BF0517F1CEE900406F8E /* Irrigation.h */,
				2993BF0617F1CEE900406F8E /* Irrigation.m */,
			);
			name = Appliances;
			sourceTree = "<group>";
		};
		2993BF0C17F58D3500406F8E /* Resources */ = {
			isa = PBXGroup;
			children = (
				2997BE4517FC765E00A9BE87 /* Red_dot.png */,
				2993BF6B17F5BA5400406F8E /* Bulb_Cell@2x.png */,
				2993BF6917F5BA2400406F8E /* shp_logo-01.png */,
				2993BF0F17F58D6900406F8E /* Bulb_Off_Cell@2x.png */,
			);
			name = Resources;
			sourceTree = "<group>";
		};
		2993BF5817F5965900406F8E /* iPhone */ = {
			isa = PBXGroup;
			children = (
				2993BF5A17F5996A00406F8E /* AreasTableViewController.h */,
				2993BF5B17F5996A00406F8E /* AreasTableViewController.m */,
				2993BF6017F59B5C00406F8E /* AppliancesTableViewController.h */,
				2993BF6117F59B5C00406F8E /* AppliancesTableViewController.m */,
			);
			name = iPhone;
			sourceTree = "<group>";
		};
		2993BF5917F5966700406F8E /* iPad */ = {
			isa = PBXGroup;
			children = (
				29A7728018F535E6002EB5EF /* TableLayoutSplitViewController.h */,
				29A7728118F535E6002EB5EF /* TableLayoutSplitViewController.m */,
				29A7728318F5375C002EB5EF /* TableLayoutMasterTableViewController.h */,
				29A7728418F5375C002EB5EF /* TableLayoutMasterTableViewController.m */,
			);
			name = iPad;
			sourceTree = "<group>";
		};
		29C74C991795DDD80092708D = {
			isa = PBXGroup;
			children = (
				29853FB717AD0C6300129662 /* ISColorWheel */,
				29DDC32718F3DA78009C6639 /* UGAPI */,
				29DDC30418F3D9C1009C6639 /* ZBarSDK */,
				29C74CAB1795DDD80092708D /* SmartHomePoint */,
				29C74CD21795DDD90092708D /* SmartHomePointTests */,
				29C74CA41795DDD80092708D /* Frameworks */,
				29C74CA31795DDD80092708D /* Products */,
			);
			sourceTree = "<group>";
		};
		29C74CA31795DDD80092708D /* Products */ = {
			isa = PBXGroup;
			children = (
				29C74CA21795DDD80092708D /* SmartHomePoint.app */,
				29C74CCB1795DDD90092708D /* SmartHomePointTests.xctest */,
			);
			name = Products;
			sourceTree = "<group>";
		};
		29C74CA41795DDD80092708D /* Frameworks */ = {
			isa = PBXGroup;
			children = (
				29853FB117ACFF8700129662 /* Security.framework */,
				29836F82179A87C5005FA48C /* libiconv.dylib */,
				29836F80179A87B1005FA48C /* QuartzCore.framework */,
				29836F7E179A87A8005FA48C /* CoreVideo.framework */,
				29836F7C179A879D005FA48C /* CoreMedia.framework */,
				29836F7A179A8786005FA48C /* AVFoundation.framework */,
				29C74CA51795DDD80092708D /* UIKit.framework */,
				29C74CA71795DDD80092708D /* Foundation.framework */,
				29C74CA91795DDD80092708D /* CoreGraphics.framework */,
			);
			name = Frameworks;
			sourceTree = "<group>";
		};
		29C74CAB1795DDD80092708D /* SmartHomePoint */ = {
			isa = PBXGroup;
			children = (
				2993BF0C17F58D3500406F8E /* Resources */,
				2993BEE317F1AFBC00406F8E /* DataModel */,
				29836FB9179ABBA8005FA48C /* Storyboards */,
				29836FB4179ABA04005FA48C /* Controllers */,
				29C74CB41795DDD80092708D /* uhkAppDelegate.h */,
				29C74CB51795DDD80092708D /* uhkAppDelegate.m */,
				29C74CAC1795DDD80092708D /* Supporting Files */,
			);
			path = SmartHomePoint;
			sourceTree = "<group>";
		};
		29C74CAC1795DDD80092708D /* Supporting Files */ = {
			isa = PBXGroup;
			children = (
				29836FBC179B2539005FA48C /* Settings.bundle */,
				29978E3717F0627F00C2511C /* SmartHomePoint-Info.plist */,
				29C74CAE1795DDD80092708D /* InfoPlist.strings */,
				29C74CB11795DDD80092708D /* main.m */,
				29C74CB31795DDD80092708D /* SmartHomePoint-Prefix.pch */,
				29C74CB71795DDD80092708D /* Default.png */,
				29C74CB91795DDD80092708D /* Default@2x.png */,
				29C74CBB1795DDD80092708D /* Default-568h@2x.png */,
				29F94A2217EF8A3300BFEE9D /* Localizable.strings */,
			);
			name = "Supporting Files";
			sourceTree = "<group>";
		};
		29C74CD21795DDD90092708D /* SmartHomePointTests */ = {
			isa = PBXGroup;
			children = (
				29C74CD81795DDD90092708D /* SmartHomePointTests.h */,
				29C74CD91795DDD90092708D /* SmartHomePointTests.m */,
				29C74CD31795DDD90092708D /* Supporting Files */,
			);
			path = SmartHomePointTests;
			sourceTree = "<group>";
		};
		29C74CD31795DDD90092708D /* Supporting Files */ = {
			isa = PBXGroup;
			children = (
				29C74CD41795DDD90092708D /* SmartHomePointTests-Info.plist */,
				29C74CD51795DDD90092708D /* InfoPlist.strings */,
			);
			name = "Supporting Files";
			sourceTree = "<group>";
		};
		29DDC30418F3D9C1009C6639 /* ZBarSDK */ = {
			isa = PBXGroup;
			children = (
				29DDC30518F3D9C1009C6639 /* Headers */,
				29DDC31C18F3D9C1009C6639 /* libzbar.a */,
				29DDC31D18F3D9C1009C6639 /* Resources */,
			);
			path = ZBarSDK;
			sourceTree = "<group>";
		};
		29DDC30518F3D9C1009C6639 /* Headers */ = {
			isa = PBXGroup;
			children = (
				29DDC30618F3D9C1009C6639 /* ZBarSDK */,
			);
			path = Headers;
			sourceTree = "<group>";
		};
		29DDC30618F3D9C1009C6639 /* ZBarSDK */ = {
			isa = PBXGroup;
			children = (
				29DDC30718F3D9C1009C6639 /* zbar */,
				29DDC31118F3D9C1009C6639 /* zbar.h */,
				29DDC31218F3D9C1009C6639 /* ZBarCameraSimulator.h */,
				29DDC31318F3D9C1009C6639 /* ZBarCaptureReader.h */,
				29DDC31418F3D9C1009C6639 /* ZBarHelpController.h */,
				29DDC31518F3D9C1009C6639 /* ZBarImage.h */,
				29DDC31618F3D9C1009C6639 /* ZBarImageScanner.h */,
				29DDC31718F3D9C1009C6639 /* ZBarReaderController.h */,
				29DDC31818F3D9C1009C6639 /* ZBarReaderView.h */,
				29DDC31918F3D9C1009C6639 /* ZBarReaderViewController.h */,
				29DDC31A18F3D9C1009C6639 /* ZBarSDK.h */,
				29DDC31B18F3D9C1009C6639 /* ZBarSymbol.h */,
			);
			path = ZBarSDK;
			sourceTree = "<group>";
		};
		29DDC30718F3D9C1009C6639 /* zbar */ = {
			isa = PBXGroup;
			children = (
				29DDC30818F3D9C1009C6639 /* Decoder.h */,
				29DDC30918F3D9C1009C6639 /* Exception.h */,
				29DDC30A18F3D9C1009C6639 /* Image.h */,
				29DDC30B18F3D9C1009C6639 /* ImageScanner.h */,
				29DDC30C18F3D9C1009C6639 /* Processor.h */,
				29DDC30D18F3D9C1009C6639 /* Scanner.h */,
				29DDC30E18F3D9C1009C6639 /* Symbol.h */,
				29DDC30F18F3D9C1009C6639 /* Video.h */,
				29DDC31018F3D9C1009C6639 /* Window.h */,
			);
			path = zbar;
			sourceTree = "<group>";
		};
		29DDC31D18F3D9C1009C6639 /* Resources */ = {
			isa = PBXGroup;
			children = (
				29DDC31E18F3D9C1009C6639 /* zbar-back.png */,
				29DDC31F18F3D9C1009C6639 /* zbar-help.html */,
				29DDC32018F3D9C1009C6639 /* zbar-helpicons.png */,
				29DDC32118F3D9C1009C6639 /* zbar-samples.png */,
			);
			path = Resources;
			sourceTree = "<group>";
		};
		29DDC32718F3DA78009C6639 /* UGAPI */ = {
			isa = PBXGroup;
			children = (
				29DDC32818F3DA78009C6639 /* SBJson */,
				29DDC34218F3DA78009C6639 /* SSKeychain.h */,
				29DDC34318F3DA78009C6639 /* SSKeychain.m */,
				29DDC34418F3DA78009C6639 /* UGActivity.h */,
				29DDC34518F3DA78009C6639 /* UGActivity.m */,
				29DDC34618F3DA78009C6639 /* UGClient.h */,
				29DDC34718F3DA78009C6639 /* UGClient.m */,
				29DDC34818F3DA78009C6639 /* UGClientDelegate.h */,
				29DDC34918F3DA78009C6639 /* UGClientResponse.h */,
				29DDC34A18F3DA78009C6639 /* UGClientResponse.m */,
				29DDC34B18F3DA78009C6639 /* UGHTTPManager.h */,
				29DDC34C18F3DA78009C6639 /* UGHTTPManager.m */,
				29DDC34D18F3DA78009C6639 /* UGMultiStepAction.h */,
				29DDC34E18F3DA78009C6639 /* UGMultiStepAction.m */,
				29DDC34F18F3DA78009C6639 /* UGQuery.h */,
				29DDC35018F3DA78009C6639 /* UGQuery.m */,
				29DDC35118F3DA78009C6639 /* UGUser.h */,
				29DDC35218F3DA78009C6639 /* UGUser.m */,
				29DDC35318F3DA78009C6639 /* v2 */,
			);
			path = UGAPI;
			sourceTree = "<group>";
		};
		29DDC32818F3DA78009C6639 /* SBJson */ = {
			isa = PBXGroup;
			children = (
				29DDC32918F3DA78009C6639 /* NSObject+SBJson.h */,
				29DDC32A18F3DA78009C6639 /* NSObject+SBJson.m */,
				29DDC32B18F3DA78009C6639 /* SBJson.h */,
				29DDC32C18F3DA78009C6639 /* SBJsonParser.h */,
				29DDC32D18F3DA78009C6639 /* SBJsonParser.m */,
				29DDC32E18F3DA78009C6639 /* SBJsonStreamParser.h */,
				29DDC32F18F3DA78009C6639 /* SBJsonStreamParser.m */,
				29DDC33018F3DA78009C6639 /* SBJsonStreamParserAccumulator.h */,
				29DDC33118F3DA78009C6639 /* SBJsonStreamParserAccumulator.m */,
				29DDC33218F3DA78009C6639 /* SBJsonStreamParserAdapter.h */,
				29DDC33318F3DA78009C6639 /* SBJsonStreamParserAdapter.m */,
				29DDC33418F3DA78009C6639 /* SBJsonStreamParserState.h */,
				29DDC33518F3DA78009C6639 /* SBJsonStreamParserState.m */,
				29DDC33618F3DA78009C6639 /* SBJsonStreamWriter.h */,
				29DDC33718F3DA78009C6639 /* SBJsonStreamWriter.m */,
				29DDC33818F3DA78009C6639 /* SBJsonStreamWriterAccumulator.h */,
				29DDC33918F3DA78009C6639 /* SBJsonStreamWriterAccumulator.m */,
				29DDC33A18F3DA78009C6639 /* SBJsonStreamWriterState.h */,
				29DDC33B18F3DA78009C6639 /* SBJsonStreamWriterState.m */,
				29DDC33C18F3DA78009C6639 /* SBJsonTokeniser.h */,
				29DDC33D18F3DA78009C6639 /* SBJsonTokeniser.m */,
				29DDC33E18F3DA78009C6639 /* SBJsonUTF8Stream.h */,
				29DDC33F18F3DA78009C6639 /* SBJsonUTF8Stream.m */,
				29DDC34018F3DA78009C6639 /* SBJsonWriter.h */,
				29DDC34118F3DA78009C6639 /* SBJsonWriter.m */,
			);
			path = SBJson;
			sourceTree = "<group>";
		};
		29DDC35318F3DA78009C6639 /* v2 */ = {
			isa = PBXGroup;
			children = (
				29DDC35418F3DA78009C6639 /* UGConnection.h */,
				29DDC35518F3DA78009C6639 /* UGConnection.m */,
				29DDC35618F3DA78009C6639 /* UGHTTPClient.h */,
				29DDC35718F3DA78009C6639 /* UGHTTPClient.m */,
				29DDC35818F3DA78009C6639 /* UGHTTPHelpers.h */,
				29DDC35918F3DA78009C6639 /* UGHTTPHelpers.m */,
				29DDC35A18F3DA78009C6639 /* UGHTTPResult.h */,
				29DDC35B18F3DA78009C6639 /* UGHTTPResult.m */,
			);
			path = v2;
			sourceTree = "<group>";
		};
		29F94A0817EF07D100BFEE9D /* TableLayout */ = {
			isa = PBXGroup;
			children = (
				2993BF6617F5AB0700406F8E /* FilteredAppliancesTableViewController.h */,
				2993BF6717F5AB0700406F8E /* FilteredAppliancesTableViewController.m */,
				29A7728618F55250002EB5EF /* TableLayoutMasterDetailProtocol.h */,
				2993BF5917F5966700406F8E /* iPad */,
				2993BF5817F5965900406F8E /* iPhone */,
			);
			name = TableLayout;
			sourceTree = "<group>";
		};
		29F94A1217EF823D00BFEE9D /* Shared */ = {
			isa = PBXGroup;
			children = (
				29F94A1317EF82AE00BFEE9D /* LightDetailViewController.h */,
				29F94A1417EF82AE00BFEE9D /* LightDetailViewController.m */,
				2993BF0917F46BB200406F8E /* TemperatureDetailViewController.h */,
				2993BF0A17F46BB200406F8E /* TemperatureDetailViewController.m */,
			);
			name = Shared;
			sourceTree = "<group>";
		};
/* End PBXGroup section */

/* Begin PBXNativeTarget section */
		29C74CA11795DDD80092708D /* SmartHomePoint */ = {
			isa = PBXNativeTarget;
			buildConfigurationList = 29C74CDD1795DDD90092708D /* Build configuration list for PBXNativeTarget "SmartHomePoint" */;
			buildPhases = (
				29C74C9E1795DDD80092708D /* Sources */,
				29C74C9F1795DDD80092708D /* Frameworks */,
				29C74CA01795DDD80092708D /* Resources */,
			);
			buildRules = (
			);
			dependencies = (
			);
			name = SmartHomePoint;
			productName = SmartHomePoint;
			productReference = 29C74CA21795DDD80092708D /* SmartHomePoint.app */;
			productType = "com.apple.product-type.application";
		};
		29C74CCA1795DDD90092708D /* SmartHomePointTests */ = {
			isa = PBXNativeTarget;
			buildConfigurationList = 29C74CE01795DDD90092708D /* Build configuration list for PBXNativeTarget "SmartHomePointTests" */;
			buildPhases = (
				29C74CC61795DDD90092708D /* Sources */,
				29C74CC71795DDD90092708D /* Frameworks */,
				29C74CC81795DDD90092708D /* Resources */,
				29C74CC91795DDD90092708D /* ShellScript */,
			);
			buildRules = (
			);
			dependencies = (
				29C74CD11795DDD90092708D /* PBXTargetDependency */,
			);
			name = SmartHomePointTests;
			productName = SmartHomePointTests;
			productReference = 29C74CCB1795DDD90092708D /* SmartHomePointTests.xctest */;
			productType = "com.apple.product-type.bundle.unit-test";
		};
/* End PBXNativeTarget section */

/* Begin PBXProject section */
		29C74C9A1795DDD80092708D /* Project object */ = {
			isa = PBXProject;
			attributes = {
				CLASSPREFIX = uhk;
				LastTestingUpgradeCheck = 0510;
				LastUpgradeCheck = 0460;
				ORGANIZATIONNAME = "Jaroslav Kutnar @ University Hradec Kralove";
			};
			buildConfigurationList = 29C74C9D1795DDD80092708D /* Build configuration list for PBXProject "SmartHomePoint" */;
			compatibilityVersion = "Xcode 3.2";
			developmentRegion = English;
			hasScannedForEncodings = 0;
			knownRegions = (
				en,
				cs,
				Base,
			);
			mainGroup = 29C74C991795DDD80092708D;
			productRefGroup = 29C74CA31795DDD80092708D /* Products */;
			projectDirPath = "";
			projectRoot = "";
			targets = (
				29C74CA11795DDD80092708D /* SmartHomePoint */,
				29C74CCA1795DDD90092708D /* SmartHomePointTests */,
			);
		};
/* End PBXProject section */

/* Begin PBXResourcesBuildPhase section */
		29C74CA01795DDD80092708D /* Resources */ = {
			isa = PBXResourcesBuildPhase;
			buildActionMask = 2147483647;
			files = (
				29C74CB01795DDD80092708D /* InfoPlist.strings in Resources */,
				29DDC32518F3D9C1009C6639 /* zbar-helpicons.png in Resources */,
				29DDC32618F3D9C1009C6639 /* zbar-samples.png in Resources */,
				29C74CB81795DDD80092708D /* Default.png in Resources */,
				29C74CBA1795DDD80092708D /* Default@2x.png in Resources */,
				29C74CBC1795DDD80092708D /* Default-568h@2x.png in Resources */,
				29DDC32318F3D9C1009C6639 /* zbar-back.png in Resources */,
				29711A5717F6FDFF00B38CB7 /* SettingsStoryboard_iPad.storyboard in Resources */,
				29DDC32418F3D9C1009C6639 /* zbar-help.html in Resources */,
				29711A5A17F6FDFF00B38CB7 /* TableLayoutStoryboard_iPhone.storyboard in Resources */,
				29711A5917F6FDFF00B38CB7 /* TableLayoutStoryboard_iPad.storyboard in Resources */,
				29836FBD179B2539005FA48C /* Settings.bundle in Resources */,
				2993BF6C17F5BA5400406F8E /* Bulb_Cell@2x.png in Resources */,
				2993BF6A17F5BA2400406F8E /* shp_logo-01.png in Resources */,
				29F94A2017EF8A3300BFEE9D /* Localizable.strings in Resources */,
				2993BF1017F58D6900406F8E /* Bulb_Off_Cell@2x.png in Resources */,
				29711A5817F6FDFF00B38CB7 /* SettingsStoryboard_iPhone.storyboard in Resources */,
				2997BE4617FC765E00A9BE87 /* Red_dot.png in Resources */,
			);
			runOnlyForDeploymentPostprocessing = 0;
		};
		29C74CC81795DDD90092708D /* Resources */ = {
			isa = PBXResourcesBuildPhase;
			buildActionMask = 2147483647;
			files = (
				29C74CD71795DDD90092708D /* InfoPlist.strings in Resources */,
			);
			runOnlyForDeploymentPostprocessing = 0;
		};
/* End PBXResourcesBuildPhase section */

/* Begin PBXShellScriptBuildPhase section */
		29C74CC91795DDD90092708D /* ShellScript */ = {
			isa = PBXShellScriptBuildPhase;
			buildActionMask = 2147483647;
			files = (
			);
			inputPaths = (
			);
			outputPaths = (
			);
			runOnlyForDeploymentPostprocessing = 0;
			shellPath = /bin/sh;
			shellScript = "# Run the unit tests in this test bundle.\n\"${SYSTEM_DEVELOPER_DIR}/Tools/RunUnitTests\"\n";
		};
/* End PBXShellScriptBuildPhase section */

/* Begin PBXSourcesBuildPhase section */
		29C74C9E1795DDD80092708D /* Sources */ = {
			isa = PBXSourcesBuildPhase;
			buildActionMask = 2147483647;
			files = (
				29DDC36418F3DA78009C6639 /* SBJsonStreamWriterState.m in Sources */,
				29DDC36718F3DA78009C6639 /* SBJsonWriter.m in Sources */,
				2993BEFE17F1C79B00406F8E /* Room.m in Sources */,
				29DDC36E18F3DA78009C6639 /* UGQuery.m in Sources */,
				29DDC37118F3DA78009C6639 /* UGHTTPClient.m in Sources */,
				29C74CB21795DDD80092708D /* main.m in Sources */,
				29DDC37318F3DA78009C6639 /* UGHTTPResult.m in Sources */,
				29DDC37018F3DA78009C6639 /* UGConnection.m in Sources */,
				29C74CB61795DDD80092708D /* uhkAppDelegate.m in Sources */,
				2993BF0717F1CEE900406F8E /* Irrigation.m in Sources */,
				29DDC36818F3DA78009C6639 /* SSKeychain.m in Sources */,
				29DDC36D18F3DA78009C6639 /* UGMultiStepAction.m in Sources */,
				29DDC36018F3DA78009C6639 /* SBJsonStreamParserAdapter.m in Sources */,
				2993BF0417F1CED600406F8E /* Louver.m in Sources */,
				29836FB8179ABBA0005FA48C /* settingsViewController.m in Sources */,
				29DDC35F18F3DA78009C6639 /* SBJsonStreamParserAccumulator.m in Sources */,
				29DDC36318F3DA78009C6639 /* SBJsonStreamWriterAccumulator.m in Sources */,
				29DDC36618F3DA78009C6639 /* SBJsonUTF8Stream.m in Sources */,
				29DDC36218F3DA78009C6639 /* SBJsonStreamWriter.m in Sources */,
				2993BEF117F1B9FB00406F8E /* Light.m in Sources */,
				29DDC36B18F3DA78009C6639 /* UGClientResponse.m in Sources */,
				2993BF0B17F46BB200406F8E /* TemperatureDetailViewController.m in Sources */,
				29DDC36918F3DA78009C6639 /* UGActivity.m in Sources */,
				29DDC36A18F3DA78009C6639 /* UGClient.m in Sources */,
				2993BF5C17F5996A00406F8E /* AreasTableViewController.m in Sources */,
				29DDC35C18F3DA78009C6639 /* NSObject+SBJson.m in Sources */,
				2993BF0117F1C7B700406F8E /* Area.m in Sources */,
				2993BEED17F1B3A200406F8E /* Appliance.m in Sources */,
				2997BE4417FC66D400A9BE87 /* UserGridDataProvider.m in Sources */,
				29DDC36C18F3DA78009C6639 /* UGHTTPManager.m in Sources */,
				29DDC35D18F3DA78009C6639 /* SBJsonParser.m in Sources */,
				29DDC36F18F3DA78009C6639 /* UGUser.m in Sources */,
				29A7728518F5375C002EB5EF /* TableLayoutMasterTableViewController.m in Sources */,
				29A7728218F535E6002EB5EF /* TableLayoutSplitViewController.m in Sources */,
				2993BEF717F1BA8700406F8E /* Temperature.m in Sources */,
				2993BEE617F1B00600406F8E /* DataManager.m in Sources */,
				2993BF6817F5AB0700406F8E /* FilteredAppliancesTableViewController.m in Sources */,
				2993BF6217F59B5C00406F8E /* AppliancesTableViewController.m in Sources */,
				29DDC36518F3DA78009C6639 /* SBJsonTokeniser.m in Sources */,
				29DDC35E18F3DA78009C6639 /* SBJsonStreamParser.m in Sources */,
				29DDC36118F3DA78009C6639 /* SBJsonStreamParserState.m in Sources */,
				29F94A1517EF82AE00BFEE9D /* LightDetailViewController.m in Sources */,
				29853FBA17AD0C6300129662 /* ISColorWheel.m in Sources */,
				29DDC37218F3DA78009C6639 /* UGHTTPHelpers.m in Sources */,
			);
			runOnlyForDeploymentPostprocessing = 0;
		};
		29C74CC61795DDD90092708D /* Sources */ = {
			isa = PBXSourcesBuildPhase;
			buildActionMask = 2147483647;
			files = (
				29C74CDA1795DDD90092708D /* SmartHomePointTests.m in Sources */,
			);
			runOnlyForDeploymentPostprocessing = 0;
		};
/* End PBXSourcesBuildPhase section */

/* Begin PBXTargetDependency section */
		29C74CD11795DDD90092708D /* PBXTargetDependency */ = {
			isa = PBXTargetDependency;
			target = 29C74CA11795DDD80092708D /* SmartHomePoint */;
			targetProxy = 29C74CD01795DDD90092708D /* PBXContainerItemProxy */;
		};
/* End PBXTargetDependency section */

/* Begin PBXVariantGroup section */
		29978E3717F0627F00C2511C /* SmartHomePoint-Info.plist */ = {
			isa = PBXVariantGroup;
			children = (
				29978E3617F0627F00C2511C /* en */,
				29978E3817F0628600C2511C /* cs */,
			);
			name = "SmartHomePoint-Info.plist";
			sourceTree = "<group>";
		};
		29C74CAE1795DDD80092708D /* InfoPlist.strings */ = {
			isa = PBXVariantGroup;
			children = (
				29C74CAF1795DDD80092708D /* en */,
				29F94A1A17EF894300BFEE9D /* cs */,
			);
			name = InfoPlist.strings;
			sourceTree = "<group>";
		};
		29C74CD51795DDD90092708D /* InfoPlist.strings */ = {
			isa = PBXVariantGroup;
			children = (
				29C74CD61795DDD90092708D /* en */,
				29F94A1B17EF894300BFEE9D /* cs */,
			);
			name = InfoPlist.strings;
			sourceTree = "<group>";
		};
		29F94A2217EF8A3300BFEE9D /* Localizable.strings */ = {
			isa = PBXVariantGroup;
			children = (
				29F94A2117EF8A3300BFEE9D /* en */,
				29F94A2317EF8A3800BFEE9D /* cs */,
			);
			name = Localizable.strings;
			sourceTree = "<group>";
		};
/* End PBXVariantGroup section */

/* Begin XCBuildConfiguration section */
		29C74CDB1795DDD90092708D /* Debug */ = {
			isa = XCBuildConfiguration;
			buildSettings = {
				ALWAYS_SEARCH_USER_PATHS = NO;
				ARCHS = "$(ARCHS_STANDARD_32_BIT)";
				CLANG_CXX_LANGUAGE_STANDARD = "gnu++0x";
				CLANG_CXX_LIBRARY = "libc++";
				CLANG_ENABLE_OBJC_ARC = YES;
				CLANG_WARN_CONSTANT_CONVERSION = YES;
				CLANG_WARN_EMPTY_BODY = YES;
				CLANG_WARN_ENUM_CONVERSION = YES;
				CLANG_WARN_INT_CONVERSION = YES;
				CLANG_WARN__DUPLICATE_METHOD_MATCH = YES;
				"CODE_SIGN_IDENTITY[sdk=iphoneos*]" = "iPhone Developer";
				COPY_PHASE_STRIP = NO;
				GCC_C_LANGUAGE_STANDARD = gnu99;
				GCC_DYNAMIC_NO_PIC = NO;
				GCC_OPTIMIZATION_LEVEL = 0;
				GCC_PREPROCESSOR_DEFINITIONS = (
					"DEBUG=1",
					"$(inherited)",
				);
				GCC_SYMBOLS_PRIVATE_EXTERN = NO;
				GCC_WARN_ABOUT_RETURN_TYPE = YES;
				GCC_WARN_UNINITIALIZED_AUTOS = YES;
				GCC_WARN_UNUSED_VARIABLE = YES;
				IPHONEOS_DEPLOYMENT_TARGET = 6.1;
				LIBRARY_SEARCH_PATHS = (
					"$(inherited)",
					"\"$(SRCROOT)/ZBarSDK\"",
				);
				ONLY_ACTIVE_ARCH = YES;
				SDKROOT = iphoneos;
				TARGETED_DEVICE_FAMILY = "1,2";
				VALID_ARCHS = "armv7 arm64";
			};
			name = Debug;
		};
		29C74CDC1795DDD90092708D /* Release */ = {
			isa = XCBuildConfiguration;
			buildSettings = {
				ALWAYS_SEARCH_USER_PATHS = NO;
				ARCHS = "$(ARCHS_STANDARD_32_BIT)";
				CLANG_CXX_LANGUAGE_STANDARD = "gnu++0x";
				CLANG_CXX_LIBRARY = "libc++";
				CLANG_ENABLE_OBJC_ARC = YES;
				CLANG_WARN_CONSTANT_CONVERSION = YES;
				CLANG_WARN_EMPTY_BODY = YES;
				CLANG_WARN_ENUM_CONVERSION = YES;
				CLANG_WARN_INT_CONVERSION = YES;
				CLANG_WARN__DUPLICATE_METHOD_MATCH = YES;
				"CODE_SIGN_IDENTITY[sdk=iphoneos*]" = "iPhone Developer";
				COPY_PHASE_STRIP = YES;
				GCC_C_LANGUAGE_STANDARD = gnu99;
				GCC_WARN_ABOUT_RETURN_TYPE = YES;
				GCC_WARN_UNINITIALIZED_AUTOS = YES;
				GCC_WARN_UNUSED_VARIABLE = YES;
				IPHONEOS_DEPLOYMENT_TARGET = 6.1;
				LIBRARY_SEARCH_PATHS = (
					"$(inherited)",
					"\"$(SRCROOT)/ZBarSDK\"",
				);
				OTHER_CFLAGS = "-DNS_BLOCK_ASSERTIONS=1";
				SDKROOT = iphoneos;
				TARGETED_DEVICE_FAMILY = "1,2";
				VALIDATE_PRODUCT = YES;
				VALID_ARCHS = "armv7 arm64";
			};
			name = Release;
		};
		29C74CDE1795DDD90092708D /* Debug */ = {
			isa = XCBuildConfiguration;
			buildSettings = {
				GCC_PRECOMPILE_PREFIX_HEADER = YES;
				GCC_PREFIX_HEADER = "SmartHomePoint/SmartHomePoint-Prefix.pch";
				INFOPLIST_FILE = "$(SRCROOT)/SmartHomePointTests/SmartHomePointTests-Info.plist";
				IPHONEOS_DEPLOYMENT_TARGET = 6.0;
				LIBRARY_SEARCH_PATHS = (
					"$(inherited)",
					"\"$(SRCROOT)/ZBarSDK\"",
					"$(PROJECT_DIR)/ZBarSDK",
				);
				PRODUCT_NAME = "$(TARGET_NAME)";
				WRAPPER_EXTENSION = app;
			};
			name = Debug;
		};
		29C74CDF1795DDD90092708D /* Release */ = {
			isa = XCBuildConfiguration;
			buildSettings = {
				GCC_PRECOMPILE_PREFIX_HEADER = YES;
				GCC_PREFIX_HEADER = "SmartHomePoint/SmartHomePoint-Prefix.pch";
				INFOPLIST_FILE = "$(SRCROOT)/SmartHomePointTests/SmartHomePointTests-Info.plist";
				IPHONEOS_DEPLOYMENT_TARGET = 6.0;
				LIBRARY_SEARCH_PATHS = (
					"$(inherited)",
					"\"$(SRCROOT)/ZBarSDK\"",
					"$(PROJECT_DIR)/ZBarSDK",
				);
				PRODUCT_NAME = "$(TARGET_NAME)";
				WRAPPER_EXTENSION = app;
			};
			name = Release;
		};
		29C74CE11795DDD90092708D /* Debug */ = {
			isa = XCBuildConfiguration;
			buildSettings = {
				BUNDLE_LOADER = "$(BUILT_PRODUCTS_DIR)/SmartHomePoint.app/SmartHomePoint";
				FRAMEWORK_SEARCH_PATHS = (
					"\\\"$(SDKROOT)/Developer/Library/Frameworks\\\"",
					"\\\"$(DEVELOPER_LIBRARY_DIR)/Frameworks\\\"",
					"$(inherited)",
				);
				GCC_PRECOMPILE_PREFIX_HEADER = YES;
				GCC_PREFIX_HEADER = "SmartHomePoint/SmartHomePoint-Prefix.pch";
				INFOPLIST_FILE = "SmartHomePointTests/SmartHomePointTests-Info.plist";
				LIBRARY_SEARCH_PATHS = (
					"$(inherited)",
					"\"$(SRCROOT)/ZBarSDK\"",
				);
				PRODUCT_NAME = "$(TARGET_NAME)";
				TEST_HOST = "$(BUNDLE_LOADER)";
			};
			name = Debug;
		};
		29C74CE21795DDD90092708D /* Release */ = {
			isa = XCBuildConfiguration;
			buildSettings = {
				BUNDLE_LOADER = "$(BUILT_PRODUCTS_DIR)/SmartHomePoint.app/SmartHomePoint";
				FRAMEWORK_SEARCH_PATHS = (
					"\\\"$(SDKROOT)/Developer/Library/Frameworks\\\"",
					"\\\"$(DEVELOPER_LIBRARY_DIR)/Frameworks\\\"",
					"$(inherited)",
				);
				GCC_PRECOMPILE_PREFIX_HEADER = YES;
				GCC_PREFIX_HEADER = "SmartHomePoint/SmartHomePoint-Prefix.pch";
				INFOPLIST_FILE = "SmartHomePointTests/SmartHomePointTests-Info.plist";
				LIBRARY_SEARCH_PATHS = (
					"$(inherited)",
					"\"$(SRCROOT)/ZBarSDK\"",
				);
				PRODUCT_NAME = "$(TARGET_NAME)";
				TEST_HOST = "$(BUNDLE_LOADER)";
			};
			name = Release;
		};
/* End XCBuildConfiguration section */

/* Begin XCConfigurationList section */
		29C74C9D1795DDD80092708D /* Build configuration list for PBXProject "SmartHomePoint" */ = {
			isa = XCConfigurationList;
			buildConfigurations = (
				29C74CDB1795DDD90092708D /* Debug */,
				29C74CDC1795DDD90092708D /* Release */,
			);
			defaultConfigurationIsVisible = 0;
			defaultConfigurationName = Release;
		};
		29C74CDD1795DDD90092708D /* Build configuration list for PBXNativeTarget "SmartHomePoint" */ = {
			isa = XCConfigurationList;
			buildConfigurations = (
				29C74CDE1795DDD90092708D /* Debug */,
				29C74CDF1795DDD90092708D /* Release */,
			);
			defaultConfigurationIsVisible = 0;
			defaultConfigurationName = Release;
		};
		29C74CE01795DDD90092708D /* Build configuration list for PBXNativeTarget "SmartHomePointTests" */ = {
			isa = XCConfigurationList;
			buildConfigurations = (
				29C74CE11795DDD90092708D /* Debug */,
				29C74CE21795DDD90092708D /* Release */,
			);
			defaultConfigurationIsVisible = 0;
			defaultConfigurationName = Release;
		};
/* End XCConfigurationList section */
	};
	rootObject = 29C74C9A1795DDD80092708D /* Project object */;
}
